
Microsoft Visual Studio Solution File, Format Version 12.00
# Visual Studio Version 17
VisualStudioVersion = 17.13.35825.156
MinimumVisualStudioVersion = 10.0.40219.1
Project("{2150E333-8FDC-42A3-9474-1A3956D46DE8}") = "Chapter01", "Chapter01", "{DDB4EF12-CC4E-5E88-E6FC-71A802F4DE97}"
EndProject
Project("{FAE04EC0-301F-11D3-BF4B-00C04F79EFBC}") = "ProductSample", "Chapter01\ProductSample\ProductSample.csproj", "{FF19096D-6E3A-45AB-B4C8-CCA63F15DA18}"
EndProject
Project("{2150E333-8FDC-42A3-9474-1A3956D46DE8}") = "Chapter02", "Chapter02", "{010AFC12-F51C-4102-9177-830B457205FB}"
EndProject
Project("{FAE04EC0-301F-11D3-BF4B-00C04F79EFBC}") = "DistanceConverter", "Chapter02\DistanceConverter\DistanceConverter.csproj", "{1124AFF1-B56B-4D80-A234-8A4D9BD68D5D}"
EndProject
Project("{2150E333-8FDC-42A3-9474-1A3956D46DE8}") = "演習問題", "演習問題", "{A6EA629B-1241-4AC9-8C65-95034A7D3837}"
EndProject
Project("{FAE04EC0-301F-11D3-BF4B-00C04F79EFBC}") = "Exercise02", "Chapter02\演習問題\Exercise02\Exercise02.csproj", "{74B2C033-CF66-403A-06FD-603651AEB4E8}"
EndProject
Project("{2150E333-8FDC-42A3-9474-1A3956D46DE8}") = "距離換算プログラム", "距離換算プログラム", "{EBC845B9-DF7B-4188-81CB-90629ACAAA09}"
EndProject
Project("{2150E333-8FDC-42A3-9474-1A3956D46DE8}") = "FormApp", "FormApp", "{EC486FE8-8BE0-40CE-879C-09E89B6E5ACA}"
EndProject
Project("{FAE04EC0-301F-11D3-BF4B-00C04F79EFBC}") = "UnitConverter", "FormApps\UnitConverter\UnitConverter\UnitConverter.csproj", "{927AC185-5B38-43EE-975F-EDD14B783A7B}"
EndProject
Project("{FAE04EC0-301F-11D3-BF4B-00C04F79EFBC}") = "StopWatch", "FormApps\StopWatch\StopWatch.csproj", "{2ED530E4-E2CD-42A8-9627-6C19B2DC065B}"
EndProject
Project("{2150E333-8FDC-42A3-9474-1A3956D46DE8}") = "売り上げ集計プログラム", "売り上げ集計プログラム", "{619273A8-8AB2-45B8-8BB9-9CDE447124D3}"
EndProject
Project("{FAE04EC0-301F-11D3-BF4B-00C04F79EFBC}") = "SalesCalculator", "Chapter02\SalesCalculator\SalesCalculator.csproj", "{3D66D748-95C0-49FF-BDFC-EA7A165B115E}"
EndProject
Project("{FAE04EC0-301F-11D3-BF4B-00C04F79EFBC}") = "Exercise01", "Chapter02\演習問題\Exercise01\Exercise01.csproj", "{A72719BB-66B1-4D50-8890-76E9DEA67CFB}"
EndProject
Project("{2150E333-8FDC-42A3-9474-1A3956D46DE8}") = "Chapter03", "Chapter03", "{4C41FAF8-8C5E-4BE4-A4D3-183563930BF2}"
EndProject
Project("{FAE04EC0-301F-11D3-BF4B-00C04F79EFBC}") = "Section01", "Chapter03\Section01\Section01.csproj", "{2E647C11-30B1-47B5-9286-9B6FCB5567F7}"
EndProject
Project("{2150E333-8FDC-42A3-9474-1A3956D46DE8}") = "演習問題", "演習問題", "{87EECCC2-D668-4E20-A7E8-B04105848CD6}"
EndProject
Project("{FAE04EC0-301F-11D3-BF4B-00C04F79EFBC}") = "Exercise02", "Chapter03\演習問題\Exercise02\Exercise02.csproj", "{19C07D2B-E8CC-4655-B407-6AC0E8187BF1}"
EndProject
Project("{FAE04EC0-301F-11D3-BF4B-00C04F79EFBC}") = "Section04", "Chapter03\Section04\Section04.csproj", "{A6494201-AABE-4C96-96DF-840953C54611}"
EndProject
Project("{FAE04EC0-301F-11D3-BF4B-00C04F79EFBC}") = "Exercise01", "Chapter03\演習問題\Exercise01\Exercise01.csproj", "{C0D6A28F-6EE3-4699-952C-6EA6B8ADAEED}"
EndProject
Project("{2150E333-8FDC-42A3-9474-1A3956D46DE8}") = "Chapter04", "Chapter04", "{E7D73313-8B77-4DFF-8A1C-92DE03DA88F0}"
EndProject
Project("{FAE04EC0-301F-11D3-BF4B-00C04F79EFBC}") = "Exercise01", "Chapter04\演習問題\Exercise01\Exercise01.csproj", "{94DD345E-7CED-4741-C3E7-505B445CE161}"
EndProject
Project("{FAE04EC0-301F-11D3-BF4B-00C04F79EFBC}") = "Section04", "Chapter04\Section04\Section04.csproj", "{3A95A141-AAD8-CCAB-6F75-1E63A7123829}"
EndProject
Project("{2150E333-8FDC-42A3-9474-1A3956D46DE8}") = "演習問題", "演習問題", "{53843BE1-2514-4729-979E-DD84BA6C1742}"
	ProjectSection(SolutionItems) = preProject
		Chapter04\演習問題\Exercise01\Program.cs = Chapter04\演習問題\Exercise01\Program.cs
	EndProjectSection
EndProject
Project("{FAE04EC0-301F-11D3-BF4B-00C04F79EFBC}") = "Exercise02", "Chapter04\演習問題\Exercise02\Exercise02.csproj", "{82E0DDAE-9372-44F7-8CD9-05CEB5BF590D}"
EndProject
Project("{2150E333-8FDC-42A3-9474-1A3956D46DE8}") = "LINQ", "LINQ", "{44512CC7-4465-4F13-A8E5-2E2703DC61F1}"
EndProject
Project("{FAE04EC0-301F-11D3-BF4B-00C04F79EFBC}") = "LinqSample", "LINQ\LinqSample\LinqSample.csproj", "{2300A12D-13DB-4C81-BE91-8D04CFB45CBC}"
EndProject
Project("{2150E333-8FDC-42A3-9474-1A3956D46DE8}") = "Chapter07", "Chapter07", "{962B3C06-3C27-4A7E-953A-ACFBCEB1306A}"
EndProject
Project("{2150E333-8FDC-42A3-9474-1A3956D46DE8}") = "演習問題", "演習問題", "{5F85CB55-59A7-4163-AD1E-3E59D7AD2EA7}"
EndProject
Project("{FAE04EC0-301F-11D3-BF4B-00C04F79EFBC}") = "Exercise01", "Chapter07\演習問題\Exercise01\Exercise01.csproj", "{497B3F66-8991-47EA-B4C1-F786F1D13B09}"
EndProject
Project("{FAE04EC0-301F-11D3-BF4B-00C04F79EFBC}") = "Section01", "Chapter07\Section01\Section01.csproj", "{FD2F152B-89CD-4C5E-82DE-81C7D0C425EC}"
EndProject
Project("{FAE04EC0-301F-11D3-BF4B-00C04F79EFBC}") = "Section05", "Chapter07\Section05\Section05.csproj", "{BCC4E3EF-8324-43D0-A5FC-0DFE375464D6}"
EndProject
Project("{FAE04EC0-301F-11D3-BF4B-00C04F79EFBC}") = "Exercise03", "Chapter07\演習問題\Exercise02\Exercise03.csproj", "{2253B96C-6711-4423-B87C-8E509752C8DC}"
EndProject
Project("{2150E333-8FDC-42A3-9474-1A3956D46DE8}") = "Chapter06", "Chapter06", "{31A21FA5-D379-4232-A42A-1512164F1AA9}"
EndProject
Project("{FAE04EC0-301F-11D3-BF4B-00C04F79EFBC}") = "Section01", "Chapter06\Section01\Section01.csproj", "{645E77CF-D500-4072-8114-D56764EC0A6A}"
EndProject
Project("{2150E333-8FDC-42A3-9474-1A3956D46DE8}") = "演習問題", "演習問題", "{FAD58B75-420B-4514-B4FB-1D16D612B75A}"
EndProject
Project("{FAE04EC0-301F-11D3-BF4B-00C04F79EFBC}") = "Exercise01", "Chapter06\演習問題\Exercise01\Exercise01.csproj", "{76DAD2D8-D8A6-4851-A4BD-12E48D66DE3F}"
EndProject
Project("{FAE04EC0-301F-11D3-BF4B-00C04F79EFBC}") = "Exercise03", "Chapter06\演習問題\Exercise03\Exercise03\Exercise03.csproj", "{CF94F3CC-77B5-4809-A192-A673E94F9FD2}"
EndProject
Project("{FAE04EC0-301F-11D3-BF4B-00C04F79EFBC}") = "Exercise04", "Chapter06\演習問題\Exercise04\Exercise04.csproj", "{DC9CF685-F389-4BBC-9747-B0A3C85D39AD}"
EndProject
Project("{FAE04EC0-301F-11D3-BF4B-00C04F79EFBC}") = "Section03", "Section03\Section03.csproj", "{C2186761-A086-461F-B42A-14DBC9DE4846}"
EndProject
Project("{2150E333-8FDC-42A3-9474-1A3956D46DE8}") = "Chapter05", "Chapter05", "{56781482-2D02-4DC5-8600-11B5C94B20EB}"
EndProject
Project("{2150E333-8FDC-42A3-9474-1A3956D46DE8}") = "演習問題", "演習問題", "{C3D2F2AA-59EB-44CB-B9DE-1CE176C24782}"
EndProject
Project("{FAE04EC0-301F-11D3-BF4B-00C04F79EFBC}") = "Exercise01", "Chapter05\演習問題\Exercise01\Exercise01.csproj", "{22736329-D662-8EB0-EAA0-613461B8CE86}"
EndProject
Project("{FAE04EC0-301F-11D3-BF4B-00C04F79EFBC}") = "Section01", "Chapter05\Section01\Section01.csproj", "{412933E6-1A4E-3899-7481-B7034D872086}"
EndProject
Project("{FAE04EC0-301F-11D3-BF4B-00C04F79EFBC}") = "Section02", "Chapter05\Section02\Section02.csproj", "{7E14A176-70C1-32E3-9A58-33668577203D}"
EndProject
Project("{FAE04EC0-301F-11D3-BF4B-00C04F79EFBC}") = "Exercise02", "Chapter05\演習問題\Exercise02\Exercise02.csproj", "{E210DC67-588F-4EF3-85F3-5C18C5940643}"
EndProject
Project("{2150E333-8FDC-42A3-9474-1A3956D46DE8}") = "Chapter08", "Chapter08", "{115202AA-FF60-48A7-9E71-D2C0CA193A54}"
EndProject
Project("{2150E333-8FDC-42A3-9474-1A3956D46DE8}") = "演習問題", "演習問題", "{F5CB080B-D0E9-47B7-AEB3-4C2111102710}"
EndProject
Project("{FAE04EC0-301F-11D3-BF4B-00C04F79EFBC}") = "Exercise01", "Chapter08\演習問題\Exercise01\Exercise01.csproj", "{BD4C2AC4-AA2E-4787-B275-F746B0CD418C}"
EndProject
Project("{FAE04EC0-301F-11D3-BF4B-00C04F79EFBC}") = "PrefCapitalLocationSystem", "Chapter08\演習問題\PrefCapitalLocationSystem\PrefCapitalLocationSystem.csproj", "{9010C7DA-7BF1-1477-C761-BD4654FE33AF}"
EndProject
Project("{FAE04EC0-301F-11D3-BF4B-00C04F79EFBC}") = "Section03", "Chapter08\Section03\Section03.csproj", "{F74A929E-04E3-4694-B0C9-DC7EA9B6F806}"
EndProject
Project("{FAE04EC0-301F-11D3-BF4B-00C04F79EFBC}") = "Exercise02", "Chapter08\演習問題\Exercise02\Exercise02.csproj", "{D218443B-231B-4E4F-9ADB-26AF7D88BA3B}"
EndProject
Project("{2150E333-8FDC-42A3-9474-1A3956D46DE8}") = "Test01", "Test01", "{595A4254-181D-4689-8040-C76799291DB7}"
EndProject
Project("{FAE04EC0-301F-11D3-BF4B-00C04F79EFBC}") = "Test01", "Test01\Test01\Test01.csproj", "{6EF7678A-A725-F430-3097-30F090C0100A}"
EndProject
Project("{FAE04EC0-301F-11D3-BF4B-00C04F79EFBC}") = "Test02", "Test01\Test02\Test02.csproj", "{010D0C11-D6A2-3CA6-3281-4E0FD547EC2D}"
EndProject
Project("{2150E333-8FDC-42A3-9474-1A3956D46DE8}") = "Chapter09", "Chapter09", "{0A80940F-70DA-4441-99EF-081D43E2D558}"
EndProject
Project("{FAE04EC0-301F-11D3-BF4B-00C04F79EFBC}") = "Section01", "Chapter09\Section01\Section01.csproj", "{E119B146-C580-4824-9208-24855F2CAC1A}"
EndProject
Project("{2150E333-8FDC-42A3-9474-1A3956D46DE8}") = "演習問題", "演習問題", "{168C9A70-B6BB-4B04-86A8-540816E55CA2}"
EndProject
Project("{FAE04EC0-301F-11D3-BF4B-00C04F79EFBC}") = "Exercise01", "Chapter09\演習問題\Exercise01\Exercise01.csproj", "{9AE52098-3A0F-4BD5-B5B5-C1CDB5BE4F7B}"
EndProject
Project("{FAE04EC0-301F-11D3-BF4B-00C04F79EFBC}") = "Exercise02", "Chapter09\演習問題\Exercise02\Exercise02.csproj", "{DDCF501D-CBE3-4CA0-9DDC-6336DB48D5D4}"
EndProject
Project("{FAE04EC0-301F-11D3-BF4B-00C04F79EFBC}") = "Exercise03", "Chapter09\演習問題\Exercise03\Exercise03.csproj", "{5FE7A626-EF82-4989-82DF-3CA7FFE163D7}"
EndProject
Project("{FAE04EC0-301F-11D3-BF4B-00C04F79EFBC}") = "CarReportSystem", "FormApps\CarReportSystem\CarReportSystem.csproj", "{05B5D68B-B0F8-4C81-88EB-E0682BA0F47C}"
EndProject
Project("{2150E333-8FDC-42A3-9474-1A3956D46DE8}") = "Chapter12", "Chapter12", "{4093B4FB-AE41-45F9-93D0-25F980D5DB10}"
EndProject
Project("{2150E333-8FDC-42A3-9474-1A3956D46DE8}") = "演習問題", "演習問題", "{34B0789B-D24B-4A67-BBA7-3C431911970F}"
EndProject
Project("{FAE04EC0-301F-11D3-BF4B-00C04F79EFBC}") = "Section01", "Chapter12\Section01\Section01.csproj", "{A7F0E3E4-3DA4-492A-A890-21BF543FA425}"
EndProject
Project("{FAE04EC0-301F-11D3-BF4B-00C04F79EFBC}") = "Exercise01", "Chapter12\演習問題\Exercise01\Exercise01.csproj", "{C9CF7221-B714-4367-973E-9FE1F1C2DEC0}"
EndProject
Project("{FAE04EC0-301F-11D3-BF4B-00C04F79EFBC}") = "Exercise02", "Chapter12\演習問題\Exercise02\Exercise02.csproj", "{F01C3B69-9D05-4BEF-26EB-57BAD926097B}"
EndProject
Project("{FAE04EC0-301F-11D3-BF4B-00C04F79EFBC}") = "Exercise03", "Chapter12\演習問題\Exercise03\Exercise03.csproj", "{414DFFD5-4A0F-DD91-933A-D9585859A325}"
EndProject
Project("{FAE04EC0-301F-11D3-BF4B-00C04F79EFBC}") = "RSSReader", "FormApps\RSSReader\RSSReader.csproj", "{98220961-11DA-4AC2-B7ED-D5B1EAFA4046}"
EndProject
Project("{2150E333-8FDC-42A3-9474-1A3956D46DE8}") = "Chapter11", "Chapter11", "{F02A6B20-73B5-4370-BF73-9401FFD43C1D}"
EndProject
Project("{FAE04EC0-301F-11D3-BF4B-00C04F79EFBC}") = "Section02", "Chapter11\Section02\Section02.csproj", "{EFD128E8-B4BA-46B9-AA4C-11951813AF48}"
EndProject
Project("{2150E333-8FDC-42A3-9474-1A3956D46DE8}") = "演習問題", "演習問題", "{F590A5C3-61BC-4D5A-B23B-EDD58738F363}"
EndProject
Project("{FAE04EC0-301F-11D3-BF4B-00C04F79EFBC}") = "Exercise01", "Chapter11\演習問題\Exercise01\Exercise01.csproj", "{D1301BA6-362D-4301-A110-4E7248DFB0DA}"
EndProject
Project("{FAE04EC0-301F-11D3-BF4B-00C04F79EFBC}") = "Exercise02", "Chapter11\演習問題\Exercise02\Exercise02.csproj", "{E3AA0B7A-283E-471C-8B15-0023FC657305}"
EndProject
Project("{FAE04EC0-301F-11D3-BF4B-00C04F79EFBC}") = "Section03", "Chapter11\Section03\Section03.csproj", "{527D5C3D-6509-4A7F-B31A-57CD421F8D4C}"
EndProject
Project("{FAE04EC0-301F-11D3-BF4B-00C04F79EFBC}") = "Exercise03", "Chapter11\演習問題\Exercise03\Exercise03.csproj", "{C780EC77-4749-4F9E-8304-81EABFF7B55F}"
EndProject
Project("{FAE04EC0-301F-11D3-BF4B-00C04F79EFBC}") = "Section04", "Chapter11\Section04\Section04.csproj", "{8D51FF30-F72A-49B3-BEF6-B1D94826A654}"
EndProject
Project("{FAE04EC0-301F-11D3-BF4B-00C04F79EFBC}") = "Exercise04", "Chapter11\演習問題\Exercise04\Exercise04.csproj", "{9429A11B-8CFD-48EC-A760-30E8B044DDF1}"
EndProject
Project("{FAE04EC0-301F-11D3-BF4B-00C04F79EFBC}") = "Exercise05", "Chapter11\演習問題\Exercise05\Exercise05.csproj", "{674E19EF-942E-45BE-AC74-7B529A987DCA}"
EndProject
Project("{2150E333-8FDC-42A3-9474-1A3956D46DE8}") = "WPF", "WPF", "{1D144B6A-DFF0-4791-9049-A07E9DE213EB}"
EndProject
Project("{FAE04EC0-301F-11D3-BF4B-00C04F79EFBC}") = "SampleApplication", "WPF\SampleApplication\SampleApplication.csproj", "{C6E91304-F029-4A93-A16A-EB46C5A6CCB0}"
EndProject
Project("{911E67C6-3D85-4FCE-B560-20A9C3E3FF48}") = "SampleSlider", "WPF\SampleSlider\bin\Debug\SampleSlider.exe", "{D910D67D-963E-803E-E5C4-6DA06E3B5B8B}"
	ProjectSection(DebuggerProjectSystem) = preProject
		PortSupplier = 00000000-0000-0000-0000-000000000000
		Executable = C:\Users\infosys\source\repos\OOP2025\WPF\SampleSlider\bin\Debug\SampleSlider.exe
		RemoteMachine = C4205
		StartingDirectory = C:\Users\infosys\source\repos\OOP2025\WPF\SampleSlider\bin\Debug
		Environment = 既定
		LaunchingEngine = 00000000-0000-0000-0000-000000000000
		UseLegacyDebugEngines = No
		LaunchSQLEngine = No
		AttachLaunchAction = No
		IORedirection = Auto
	EndProjectSection
EndProject
Project("{FAE04EC0-301F-11D3-BF4B-00C04F79EFBC}") = "ColorChecker", "WPF\ColorChecker\ColorChecker.csproj", "{EFD3FEBC-45DC-402D-8873-B1BEA6CEA6B2}"
EndProject
Project("{FAE04EC0-301F-11D3-BF4B-00C04F79EFBC}") = "ConverterApp", "WPF\ConverterApp\ConverterApp.csproj", "{61692475-F492-4181-BA25-099076CADEC2}"
EndProject
Project("{FAE04EC0-301F-11D3-BF4B-00C04F79EFBC}") = "HelloWorld", "WPF\HelloWorld\HelloWorld.csproj", "{35621A37-7C63-4615-A00D-A3D1CF6FB30F}"
EndProject
Project("{FAE04EC0-301F-11D3-BF4B-00C04F79EFBC}") = "PrismObservesSample", "WPF\PrismObservesSample\PrismObservesSample.csproj", "{204506A1-E14A-4D0F-932D-15173B9FE77B}"
EndProject
Project("{FAE04EC0-301F-11D3-BF4B-00C04F79EFBC}") = "SampleUnitConverter", "WPF\SampleUnitConverter\SampleUnitConverter.csproj", "{4BD4D24F-988A-4A1E-9655-955FA400082D}"
EndProject
Project("{2150E333-8FDC-42A3-9474-1A3956D46DE8}") = "SQLite", "SQLite", "{35E59585-0B65-4342-B9E8-626EA4BB561B}"
EndProject
Project("{FAE04EC0-301F-11D3-BF4B-00C04F79EFBC}") = "Sample", "SQLite\Sample\Sample.csproj", "{3250BF87-C283-4969-8B32-74E3E34D1E42}"
EndProject
Project("{FAE04EC0-301F-11D3-BF4B-00C04F79EFBC}") = "CustomerApp", "SQLite\CustomerApp\CustomerApp.csproj", "{74E56726-F65A-4E77-B52A-37A6191736CA}"
EndProject
Global
	GlobalSection(SolutionConfigurationPlatforms) = preSolution
		Debug|Any CPU = Debug|Any CPU
		Debug|x64 = Debug|x64
		Debug|x86 = Debug|x86
		Release|Any CPU = Release|Any CPU
		Release|x64 = Release|x64
		Release|x86 = Release|x86
	EndGlobalSection
	GlobalSection(ProjectConfigurationPlatforms) = postSolution
		{FF19096D-6E3A-45AB-B4C8-CCA63F15DA18}.Debug|Any CPU.ActiveCfg = Debug|Any CPU
		{FF19096D-6E3A-45AB-B4C8-CCA63F15DA18}.Debug|Any CPU.Build.0 = Debug|Any CPU
		{FF19096D-6E3A-45AB-B4C8-CCA63F15DA18}.Debug|x64.ActiveCfg = Debug|Any CPU
		{FF19096D-6E3A-45AB-B4C8-CCA63F15DA18}.Debug|x64.Build.0 = Debug|Any CPU
		{FF19096D-6E3A-45AB-B4C8-CCA63F15DA18}.Debug|x86.ActiveCfg = Debug|Any CPU
		{FF19096D-6E3A-45AB-B4C8-CCA63F15DA18}.Debug|x86.Build.0 = Debug|Any CPU
		{FF19096D-6E3A-45AB-B4C8-CCA63F15DA18}.Release|Any CPU.ActiveCfg = Release|Any CPU
		{FF19096D-6E3A-45AB-B4C8-CCA63F15DA18}.Release|Any CPU.Build.0 = Release|Any CPU
		{FF19096D-6E3A-45AB-B4C8-CCA63F15DA18}.Release|x64.ActiveCfg = Release|Any CPU
		{FF19096D-6E3A-45AB-B4C8-CCA63F15DA18}.Release|x64.Build.0 = Release|Any CPU
		{FF19096D-6E3A-45AB-B4C8-CCA63F15DA18}.Release|x86.ActiveCfg = Release|Any CPU
		{FF19096D-6E3A-45AB-B4C8-CCA63F15DA18}.Release|x86.Build.0 = Release|Any CPU
		{1124AFF1-B56B-4D80-A234-8A4D9BD68D5D}.Debug|Any CPU.ActiveCfg = Debug|Any CPU
		{1124AFF1-B56B-4D80-A234-8A4D9BD68D5D}.Debug|Any CPU.Build.0 = Debug|Any CPU
		{1124AFF1-B56B-4D80-A234-8A4D9BD68D5D}.Debug|x64.ActiveCfg = Debug|Any CPU
		{1124AFF1-B56B-4D80-A234-8A4D9BD68D5D}.Debug|x64.Build.0 = Debug|Any CPU
		{1124AFF1-B56B-4D80-A234-8A4D9BD68D5D}.Debug|x86.ActiveCfg = Debug|Any CPU
		{1124AFF1-B56B-4D80-A234-8A4D9BD68D5D}.Debug|x86.Build.0 = Debug|Any CPU
		{1124AFF1-B56B-4D80-A234-8A4D9BD68D5D}.Release|Any CPU.ActiveCfg = Release|Any CPU
		{1124AFF1-B56B-4D80-A234-8A4D9BD68D5D}.Release|Any CPU.Build.0 = Release|Any CPU
		{1124AFF1-B56B-4D80-A234-8A4D9BD68D5D}.Release|x64.ActiveCfg = Release|Any CPU
		{1124AFF1-B56B-4D80-A234-8A4D9BD68D5D}.Release|x64.Build.0 = Release|Any CPU
		{1124AFF1-B56B-4D80-A234-8A4D9BD68D5D}.Release|x86.ActiveCfg = Release|Any CPU
		{1124AFF1-B56B-4D80-A234-8A4D9BD68D5D}.Release|x86.Build.0 = Release|Any CPU
		{74B2C033-CF66-403A-06FD-603651AEB4E8}.Debug|Any CPU.ActiveCfg = Debug|Any CPU
		{74B2C033-CF66-403A-06FD-603651AEB4E8}.Debug|Any CPU.Build.0 = Debug|Any CPU
		{74B2C033-CF66-403A-06FD-603651AEB4E8}.Debug|x64.ActiveCfg = Debug|Any CPU
		{74B2C033-CF66-403A-06FD-603651AEB4E8}.Debug|x64.Build.0 = Debug|Any CPU
		{74B2C033-CF66-403A-06FD-603651AEB4E8}.Debug|x86.ActiveCfg = Debug|Any CPU
		{74B2C033-CF66-403A-06FD-603651AEB4E8}.Debug|x86.Build.0 = Debug|Any CPU
		{74B2C033-CF66-403A-06FD-603651AEB4E8}.Release|Any CPU.ActiveCfg = Release|Any CPU
		{74B2C033-CF66-403A-06FD-603651AEB4E8}.Release|Any CPU.Build.0 = Release|Any CPU
		{74B2C033-CF66-403A-06FD-603651AEB4E8}.Release|x64.ActiveCfg = Release|Any CPU
		{74B2C033-CF66-403A-06FD-603651AEB4E8}.Release|x64.Build.0 = Release|Any CPU
		{74B2C033-CF66-403A-06FD-603651AEB4E8}.Release|x86.ActiveCfg = Release|Any CPU
		{74B2C033-CF66-403A-06FD-603651AEB4E8}.Release|x86.Build.0 = Release|Any CPU
		{927AC185-5B38-43EE-975F-EDD14B783A7B}.Debug|Any CPU.ActiveCfg = Debug|Any CPU
		{927AC185-5B38-43EE-975F-EDD14B783A7B}.Debug|Any CPU.Build.0 = Debug|Any CPU
		{927AC185-5B38-43EE-975F-EDD14B783A7B}.Debug|x64.ActiveCfg = Debug|Any CPU
		{927AC185-5B38-43EE-975F-EDD14B783A7B}.Debug|x64.Build.0 = Debug|Any CPU
		{927AC185-5B38-43EE-975F-EDD14B783A7B}.Debug|x86.ActiveCfg = Debug|Any CPU
		{927AC185-5B38-43EE-975F-EDD14B783A7B}.Debug|x86.Build.0 = Debug|Any CPU
		{927AC185-5B38-43EE-975F-EDD14B783A7B}.Release|Any CPU.ActiveCfg = Release|Any CPU
		{927AC185-5B38-43EE-975F-EDD14B783A7B}.Release|Any CPU.Build.0 = Release|Any CPU
		{927AC185-5B38-43EE-975F-EDD14B783A7B}.Release|x64.ActiveCfg = Release|Any CPU
		{927AC185-5B38-43EE-975F-EDD14B783A7B}.Release|x64.Build.0 = Release|Any CPU
		{927AC185-5B38-43EE-975F-EDD14B783A7B}.Release|x86.ActiveCfg = Release|Any CPU
		{927AC185-5B38-43EE-975F-EDD14B783A7B}.Release|x86.Build.0 = Release|Any CPU
		{2ED530E4-E2CD-42A8-9627-6C19B2DC065B}.Debug|Any CPU.ActiveCfg = Debug|Any CPU
		{2ED530E4-E2CD-42A8-9627-6C19B2DC065B}.Debug|Any CPU.Build.0 = Debug|Any CPU
		{2ED530E4-E2CD-42A8-9627-6C19B2DC065B}.Debug|x64.ActiveCfg = Debug|Any CPU
		{2ED530E4-E2CD-42A8-9627-6C19B2DC065B}.Debug|x64.Build.0 = Debug|Any CPU
		{2ED530E4-E2CD-42A8-9627-6C19B2DC065B}.Debug|x86.ActiveCfg = Debug|Any CPU
		{2ED530E4-E2CD-42A8-9627-6C19B2DC065B}.Debug|x86.Build.0 = Debug|Any CPU
		{2ED530E4-E2CD-42A8-9627-6C19B2DC065B}.Release|Any CPU.ActiveCfg = Release|Any CPU
		{2ED530E4-E2CD-42A8-9627-6C19B2DC065B}.Release|Any CPU.Build.0 = Release|Any CPU
		{2ED530E4-E2CD-42A8-9627-6C19B2DC065B}.Release|x64.ActiveCfg = Release|Any CPU
		{2ED530E4-E2CD-42A8-9627-6C19B2DC065B}.Release|x64.Build.0 = Release|Any CPU
		{2ED530E4-E2CD-42A8-9627-6C19B2DC065B}.Release|x86.ActiveCfg = Release|Any CPU
		{2ED530E4-E2CD-42A8-9627-6C19B2DC065B}.Release|x86.Build.0 = Release|Any CPU
		{3D66D748-95C0-49FF-BDFC-EA7A165B115E}.Debug|Any CPU.ActiveCfg = Debug|Any CPU
		{3D66D748-95C0-49FF-BDFC-EA7A165B115E}.Debug|Any CPU.Build.0 = Debug|Any CPU
		{3D66D748-95C0-49FF-BDFC-EA7A165B115E}.Debug|x64.ActiveCfg = Debug|Any CPU
		{3D66D748-95C0-49FF-BDFC-EA7A165B115E}.Debug|x64.Build.0 = Debug|Any CPU
		{3D66D748-95C0-49FF-BDFC-EA7A165B115E}.Debug|x86.ActiveCfg = Debug|Any CPU
		{3D66D748-95C0-49FF-BDFC-EA7A165B115E}.Debug|x86.Build.0 = Debug|Any CPU
		{3D66D748-95C0-49FF-BDFC-EA7A165B115E}.Release|Any CPU.ActiveCfg = Release|Any CPU
		{3D66D748-95C0-49FF-BDFC-EA7A165B115E}.Release|Any CPU.Build.0 = Release|Any CPU
		{3D66D748-95C0-49FF-BDFC-EA7A165B115E}.Release|x64.ActiveCfg = Release|Any CPU
		{3D66D748-95C0-49FF-BDFC-EA7A165B115E}.Release|x64.Build.0 = Release|Any CPU
		{3D66D748-95C0-49FF-BDFC-EA7A165B115E}.Release|x86.ActiveCfg = Release|Any CPU
		{3D66D748-95C0-49FF-BDFC-EA7A165B115E}.Release|x86.Build.0 = Release|Any CPU
		{A72719BB-66B1-4D50-8890-76E9DEA67CFB}.Debug|Any CPU.ActiveCfg = Debug|Any CPU
		{A72719BB-66B1-4D50-8890-76E9DEA67CFB}.Debug|Any CPU.Build.0 = Debug|Any CPU
		{A72719BB-66B1-4D50-8890-76E9DEA67CFB}.Debug|x64.ActiveCfg = Debug|Any CPU
		{A72719BB-66B1-4D50-8890-76E9DEA67CFB}.Debug|x64.Build.0 = Debug|Any CPU
		{A72719BB-66B1-4D50-8890-76E9DEA67CFB}.Debug|x86.ActiveCfg = Debug|Any CPU
		{A72719BB-66B1-4D50-8890-76E9DEA67CFB}.Debug|x86.Build.0 = Debug|Any CPU
		{A72719BB-66B1-4D50-8890-76E9DEA67CFB}.Release|Any CPU.ActiveCfg = Release|Any CPU
		{A72719BB-66B1-4D50-8890-76E9DEA67CFB}.Release|Any CPU.Build.0 = Release|Any CPU
		{A72719BB-66B1-4D50-8890-76E9DEA67CFB}.Release|x64.ActiveCfg = Release|Any CPU
		{A72719BB-66B1-4D50-8890-76E9DEA67CFB}.Release|x64.Build.0 = Release|Any CPU
		{A72719BB-66B1-4D50-8890-76E9DEA67CFB}.Release|x86.ActiveCfg = Release|Any CPU
		{A72719BB-66B1-4D50-8890-76E9DEA67CFB}.Release|x86.Build.0 = Release|Any CPU
		{2E647C11-30B1-47B5-9286-9B6FCB5567F7}.Debug|Any CPU.ActiveCfg = Debug|Any CPU
		{2E647C11-30B1-47B5-9286-9B6FCB5567F7}.Debug|Any CPU.Build.0 = Debug|Any CPU
		{2E647C11-30B1-47B5-9286-9B6FCB5567F7}.Debug|x64.ActiveCfg = Debug|Any CPU
		{2E647C11-30B1-47B5-9286-9B6FCB5567F7}.Debug|x64.Build.0 = Debug|Any CPU
		{2E647C11-30B1-47B5-9286-9B6FCB5567F7}.Debug|x86.ActiveCfg = Debug|Any CPU
		{2E647C11-30B1-47B5-9286-9B6FCB5567F7}.Debug|x86.Build.0 = Debug|Any CPU
		{2E647C11-30B1-47B5-9286-9B6FCB5567F7}.Release|Any CPU.ActiveCfg = Release|Any CPU
		{2E647C11-30B1-47B5-9286-9B6FCB5567F7}.Release|Any CPU.Build.0 = Release|Any CPU
		{2E647C11-30B1-47B5-9286-9B6FCB5567F7}.Release|x64.ActiveCfg = Release|Any CPU
		{2E647C11-30B1-47B5-9286-9B6FCB5567F7}.Release|x64.Build.0 = Release|Any CPU
		{2E647C11-30B1-47B5-9286-9B6FCB5567F7}.Release|x86.ActiveCfg = Release|Any CPU
		{2E647C11-30B1-47B5-9286-9B6FCB5567F7}.Release|x86.Build.0 = Release|Any CPU
		{19C07D2B-E8CC-4655-B407-6AC0E8187BF1}.Debug|Any CPU.ActiveCfg = Debug|Any CPU
		{19C07D2B-E8CC-4655-B407-6AC0E8187BF1}.Debug|Any CPU.Build.0 = Debug|Any CPU
		{19C07D2B-E8CC-4655-B407-6AC0E8187BF1}.Debug|x64.ActiveCfg = Debug|Any CPU
		{19C07D2B-E8CC-4655-B407-6AC0E8187BF1}.Debug|x64.Build.0 = Debug|Any CPU
		{19C07D2B-E8CC-4655-B407-6AC0E8187BF1}.Debug|x86.ActiveCfg = Debug|Any CPU
		{19C07D2B-E8CC-4655-B407-6AC0E8187BF1}.Debug|x86.Build.0 = Debug|Any CPU
		{19C07D2B-E8CC-4655-B407-6AC0E8187BF1}.Release|Any CPU.ActiveCfg = Release|Any CPU
		{19C07D2B-E8CC-4655-B407-6AC0E8187BF1}.Release|Any CPU.Build.0 = Release|Any CPU
		{19C07D2B-E8CC-4655-B407-6AC0E8187BF1}.Release|x64.ActiveCfg = Release|Any CPU
		{19C07D2B-E8CC-4655-B407-6AC0E8187BF1}.Release|x64.Build.0 = Release|Any CPU
		{19C07D2B-E8CC-4655-B407-6AC0E8187BF1}.Release|x86.ActiveCfg = Release|Any CPU
		{19C07D2B-E8CC-4655-B407-6AC0E8187BF1}.Release|x86.Build.0 = Release|Any CPU
		{A6494201-AABE-4C96-96DF-840953C54611}.Debug|Any CPU.ActiveCfg = Debug|Any CPU
		{A6494201-AABE-4C96-96DF-840953C54611}.Debug|Any CPU.Build.0 = Debug|Any CPU
		{A6494201-AABE-4C96-96DF-840953C54611}.Debug|x64.ActiveCfg = Debug|Any CPU
		{A6494201-AABE-4C96-96DF-840953C54611}.Debug|x64.Build.0 = Debug|Any CPU
		{A6494201-AABE-4C96-96DF-840953C54611}.Debug|x86.ActiveCfg = Debug|Any CPU
		{A6494201-AABE-4C96-96DF-840953C54611}.Debug|x86.Build.0 = Debug|Any CPU
		{A6494201-AABE-4C96-96DF-840953C54611}.Release|Any CPU.ActiveCfg = Release|Any CPU
		{A6494201-AABE-4C96-96DF-840953C54611}.Release|Any CPU.Build.0 = Release|Any CPU
		{A6494201-AABE-4C96-96DF-840953C54611}.Release|x64.ActiveCfg = Release|Any CPU
		{A6494201-AABE-4C96-96DF-840953C54611}.Release|x64.Build.0 = Release|Any CPU
		{A6494201-AABE-4C96-96DF-840953C54611}.Release|x86.ActiveCfg = Release|Any CPU
		{A6494201-AABE-4C96-96DF-840953C54611}.Release|x86.Build.0 = Release|Any CPU
		{C0D6A28F-6EE3-4699-952C-6EA6B8ADAEED}.Debug|Any CPU.ActiveCfg = Debug|Any CPU
		{C0D6A28F-6EE3-4699-952C-6EA6B8ADAEED}.Debug|Any CPU.Build.0 = Debug|Any CPU
		{C0D6A28F-6EE3-4699-952C-6EA6B8ADAEED}.Debug|x64.ActiveCfg = Debug|Any CPU
		{C0D6A28F-6EE3-4699-952C-6EA6B8ADAEED}.Debug|x64.Build.0 = Debug|Any CPU
		{C0D6A28F-6EE3-4699-952C-6EA6B8ADAEED}.Debug|x86.ActiveCfg = Debug|Any CPU
		{C0D6A28F-6EE3-4699-952C-6EA6B8ADAEED}.Debug|x86.Build.0 = Debug|Any CPU
		{C0D6A28F-6EE3-4699-952C-6EA6B8ADAEED}.Release|Any CPU.ActiveCfg = Release|Any CPU
		{C0D6A28F-6EE3-4699-952C-6EA6B8ADAEED}.Release|Any CPU.Build.0 = Release|Any CPU
		{C0D6A28F-6EE3-4699-952C-6EA6B8ADAEED}.Release|x64.ActiveCfg = Release|Any CPU
		{C0D6A28F-6EE3-4699-952C-6EA6B8ADAEED}.Release|x64.Build.0 = Release|Any CPU
		{C0D6A28F-6EE3-4699-952C-6EA6B8ADAEED}.Release|x86.ActiveCfg = Release|Any CPU
		{C0D6A28F-6EE3-4699-952C-6EA6B8ADAEED}.Release|x86.Build.0 = Release|Any CPU
		{94DD345E-7CED-4741-C3E7-505B445CE161}.Debug|Any CPU.ActiveCfg = Debug|Any CPU
		{94DD345E-7CED-4741-C3E7-505B445CE161}.Debug|Any CPU.Build.0 = Debug|Any CPU
		{94DD345E-7CED-4741-C3E7-505B445CE161}.Debug|x64.ActiveCfg = Debug|Any CPU
		{94DD345E-7CED-4741-C3E7-505B445CE161}.Debug|x64.Build.0 = Debug|Any CPU
		{94DD345E-7CED-4741-C3E7-505B445CE161}.Debug|x86.ActiveCfg = Debug|Any CPU
		{94DD345E-7CED-4741-C3E7-505B445CE161}.Debug|x86.Build.0 = Debug|Any CPU
		{94DD345E-7CED-4741-C3E7-505B445CE161}.Release|Any CPU.ActiveCfg = Release|Any CPU
		{94DD345E-7CED-4741-C3E7-505B445CE161}.Release|Any CPU.Build.0 = Release|Any CPU
		{94DD345E-7CED-4741-C3E7-505B445CE161}.Release|x64.ActiveCfg = Release|Any CPU
		{94DD345E-7CED-4741-C3E7-505B445CE161}.Release|x64.Build.0 = Release|Any CPU
		{94DD345E-7CED-4741-C3E7-505B445CE161}.Release|x86.ActiveCfg = Release|Any CPU
		{94DD345E-7CED-4741-C3E7-505B445CE161}.Release|x86.Build.0 = Release|Any CPU
		{3A95A141-AAD8-CCAB-6F75-1E63A7123829}.Debug|Any CPU.ActiveCfg = Debug|Any CPU
		{3A95A141-AAD8-CCAB-6F75-1E63A7123829}.Debug|Any CPU.Build.0 = Debug|Any CPU
		{3A95A141-AAD8-CCAB-6F75-1E63A7123829}.Debug|x64.ActiveCfg = Debug|Any CPU
		{3A95A141-AAD8-CCAB-6F75-1E63A7123829}.Debug|x64.Build.0 = Debug|Any CPU
		{3A95A141-AAD8-CCAB-6F75-1E63A7123829}.Debug|x86.ActiveCfg = Debug|Any CPU
		{3A95A141-AAD8-CCAB-6F75-1E63A7123829}.Debug|x86.Build.0 = Debug|Any CPU
		{3A95A141-AAD8-CCAB-6F75-1E63A7123829}.Release|Any CPU.ActiveCfg = Release|Any CPU
		{3A95A141-AAD8-CCAB-6F75-1E63A7123829}.Release|Any CPU.Build.0 = Release|Any CPU
		{3A95A141-AAD8-CCAB-6F75-1E63A7123829}.Release|x64.ActiveCfg = Release|Any CPU
		{3A95A141-AAD8-CCAB-6F75-1E63A7123829}.Release|x64.Build.0 = Release|Any CPU
		{3A95A141-AAD8-CCAB-6F75-1E63A7123829}.Release|x86.ActiveCfg = Release|Any CPU
		{3A95A141-AAD8-CCAB-6F75-1E63A7123829}.Release|x86.Build.0 = Release|Any CPU
		{82E0DDAE-9372-44F7-8CD9-05CEB5BF590D}.Debug|Any CPU.ActiveCfg = Debug|Any CPU
		{82E0DDAE-9372-44F7-8CD9-05CEB5BF590D}.Debug|Any CPU.Build.0 = Debug|Any CPU
		{82E0DDAE-9372-44F7-8CD9-05CEB5BF590D}.Debug|x64.ActiveCfg = Debug|Any CPU
		{82E0DDAE-9372-44F7-8CD9-05CEB5BF590D}.Debug|x64.Build.0 = Debug|Any CPU
		{82E0DDAE-9372-44F7-8CD9-05CEB5BF590D}.Debug|x86.ActiveCfg = Debug|Any CPU
		{82E0DDAE-9372-44F7-8CD9-05CEB5BF590D}.Debug|x86.Build.0 = Debug|Any CPU
		{82E0DDAE-9372-44F7-8CD9-05CEB5BF590D}.Release|Any CPU.ActiveCfg = Release|Any CPU
		{82E0DDAE-9372-44F7-8CD9-05CEB5BF590D}.Release|Any CPU.Build.0 = Release|Any CPU
		{82E0DDAE-9372-44F7-8CD9-05CEB5BF590D}.Release|x64.ActiveCfg = Release|Any CPU
		{82E0DDAE-9372-44F7-8CD9-05CEB5BF590D}.Release|x64.Build.0 = Release|Any CPU
		{82E0DDAE-9372-44F7-8CD9-05CEB5BF590D}.Release|x86.ActiveCfg = Release|Any CPU
		{82E0DDAE-9372-44F7-8CD9-05CEB5BF590D}.Release|x86.Build.0 = Release|Any CPU
		{2300A12D-13DB-4C81-BE91-8D04CFB45CBC}.Debug|Any CPU.ActiveCfg = Debug|Any CPU
		{2300A12D-13DB-4C81-BE91-8D04CFB45CBC}.Debug|Any CPU.Build.0 = Debug|Any CPU
		{2300A12D-13DB-4C81-BE91-8D04CFB45CBC}.Debug|x64.ActiveCfg = Debug|Any CPU
		{2300A12D-13DB-4C81-BE91-8D04CFB45CBC}.Debug|x64.Build.0 = Debug|Any CPU
		{2300A12D-13DB-4C81-BE91-8D04CFB45CBC}.Debug|x86.ActiveCfg = Debug|Any CPU
		{2300A12D-13DB-4C81-BE91-8D04CFB45CBC}.Debug|x86.Build.0 = Debug|Any CPU
		{2300A12D-13DB-4C81-BE91-8D04CFB45CBC}.Release|Any CPU.ActiveCfg = Release|Any CPU
		{2300A12D-13DB-4C81-BE91-8D04CFB45CBC}.Release|Any CPU.Build.0 = Release|Any CPU
		{2300A12D-13DB-4C81-BE91-8D04CFB45CBC}.Release|x64.ActiveCfg = Release|Any CPU
		{2300A12D-13DB-4C81-BE91-8D04CFB45CBC}.Release|x64.Build.0 = Release|Any CPU
		{2300A12D-13DB-4C81-BE91-8D04CFB45CBC}.Release|x86.ActiveCfg = Release|Any CPU
		{2300A12D-13DB-4C81-BE91-8D04CFB45CBC}.Release|x86.Build.0 = Release|Any CPU
		{497B3F66-8991-47EA-B4C1-F786F1D13B09}.Debug|Any CPU.ActiveCfg = Debug|Any CPU
		{497B3F66-8991-47EA-B4C1-F786F1D13B09}.Debug|Any CPU.Build.0 = Debug|Any CPU
		{497B3F66-8991-47EA-B4C1-F786F1D13B09}.Debug|x64.ActiveCfg = Debug|Any CPU
		{497B3F66-8991-47EA-B4C1-F786F1D13B09}.Debug|x64.Build.0 = Debug|Any CPU
		{497B3F66-8991-47EA-B4C1-F786F1D13B09}.Debug|x86.ActiveCfg = Debug|Any CPU
		{497B3F66-8991-47EA-B4C1-F786F1D13B09}.Debug|x86.Build.0 = Debug|Any CPU
		{497B3F66-8991-47EA-B4C1-F786F1D13B09}.Release|Any CPU.ActiveCfg = Release|Any CPU
		{497B3F66-8991-47EA-B4C1-F786F1D13B09}.Release|Any CPU.Build.0 = Release|Any CPU
		{497B3F66-8991-47EA-B4C1-F786F1D13B09}.Release|x64.ActiveCfg = Release|Any CPU
		{497B3F66-8991-47EA-B4C1-F786F1D13B09}.Release|x64.Build.0 = Release|Any CPU
		{497B3F66-8991-47EA-B4C1-F786F1D13B09}.Release|x86.ActiveCfg = Release|Any CPU
		{497B3F66-8991-47EA-B4C1-F786F1D13B09}.Release|x86.Build.0 = Release|Any CPU
		{FD2F152B-89CD-4C5E-82DE-81C7D0C425EC}.Debug|Any CPU.ActiveCfg = Debug|Any CPU
		{FD2F152B-89CD-4C5E-82DE-81C7D0C425EC}.Debug|Any CPU.Build.0 = Debug|Any CPU
		{FD2F152B-89CD-4C5E-82DE-81C7D0C425EC}.Debug|x64.ActiveCfg = Debug|Any CPU
		{FD2F152B-89CD-4C5E-82DE-81C7D0C425EC}.Debug|x64.Build.0 = Debug|Any CPU
		{FD2F152B-89CD-4C5E-82DE-81C7D0C425EC}.Debug|x86.ActiveCfg = Debug|Any CPU
		{FD2F152B-89CD-4C5E-82DE-81C7D0C425EC}.Debug|x86.Build.0 = Debug|Any CPU
		{FD2F152B-89CD-4C5E-82DE-81C7D0C425EC}.Release|Any CPU.ActiveCfg = Release|Any CPU
		{FD2F152B-89CD-4C5E-82DE-81C7D0C425EC}.Release|Any CPU.Build.0 = Release|Any CPU
		{FD2F152B-89CD-4C5E-82DE-81C7D0C425EC}.Release|x64.ActiveCfg = Release|Any CPU
		{FD2F152B-89CD-4C5E-82DE-81C7D0C425EC}.Release|x64.Build.0 = Release|Any CPU
		{FD2F152B-89CD-4C5E-82DE-81C7D0C425EC}.Release|x86.ActiveCfg = Release|Any CPU
		{FD2F152B-89CD-4C5E-82DE-81C7D0C425EC}.Release|x86.Build.0 = Release|Any CPU
		{BCC4E3EF-8324-43D0-A5FC-0DFE375464D6}.Debug|Any CPU.ActiveCfg = Debug|Any CPU
		{BCC4E3EF-8324-43D0-A5FC-0DFE375464D6}.Debug|Any CPU.Build.0 = Debug|Any CPU
		{BCC4E3EF-8324-43D0-A5FC-0DFE375464D6}.Debug|x64.ActiveCfg = Debug|Any CPU
		{BCC4E3EF-8324-43D0-A5FC-0DFE375464D6}.Debug|x64.Build.0 = Debug|Any CPU
		{BCC4E3EF-8324-43D0-A5FC-0DFE375464D6}.Debug|x86.ActiveCfg = Debug|Any CPU
		{BCC4E3EF-8324-43D0-A5FC-0DFE375464D6}.Debug|x86.Build.0 = Debug|Any CPU
		{BCC4E3EF-8324-43D0-A5FC-0DFE375464D6}.Release|Any CPU.ActiveCfg = Release|Any CPU
		{BCC4E3EF-8324-43D0-A5FC-0DFE375464D6}.Release|Any CPU.Build.0 = Release|Any CPU
		{BCC4E3EF-8324-43D0-A5FC-0DFE375464D6}.Release|x64.ActiveCfg = Release|Any CPU
		{BCC4E3EF-8324-43D0-A5FC-0DFE375464D6}.Release|x64.Build.0 = Release|Any CPU
		{BCC4E3EF-8324-43D0-A5FC-0DFE375464D6}.Release|x86.ActiveCfg = Release|Any CPU
		{BCC4E3EF-8324-43D0-A5FC-0DFE375464D6}.Release|x86.Build.0 = Release|Any CPU
		{2253B96C-6711-4423-B87C-8E509752C8DC}.Debug|Any CPU.ActiveCfg = Debug|Any CPU
		{2253B96C-6711-4423-B87C-8E509752C8DC}.Debug|Any CPU.Build.0 = Debug|Any CPU
		{2253B96C-6711-4423-B87C-8E509752C8DC}.Debug|x64.ActiveCfg = Debug|Any CPU
		{2253B96C-6711-4423-B87C-8E509752C8DC}.Debug|x64.Build.0 = Debug|Any CPU
		{2253B96C-6711-4423-B87C-8E509752C8DC}.Debug|x86.ActiveCfg = Debug|Any CPU
		{2253B96C-6711-4423-B87C-8E509752C8DC}.Debug|x86.Build.0 = Debug|Any CPU
		{2253B96C-6711-4423-B87C-8E509752C8DC}.Release|Any CPU.ActiveCfg = Release|Any CPU
		{2253B96C-6711-4423-B87C-8E509752C8DC}.Release|Any CPU.Build.0 = Release|Any CPU
		{2253B96C-6711-4423-B87C-8E509752C8DC}.Release|x64.ActiveCfg = Release|Any CPU
		{2253B96C-6711-4423-B87C-8E509752C8DC}.Release|x64.Build.0 = Release|Any CPU
		{2253B96C-6711-4423-B87C-8E509752C8DC}.Release|x86.ActiveCfg = Release|Any CPU
		{2253B96C-6711-4423-B87C-8E509752C8DC}.Release|x86.Build.0 = Release|Any CPU
		{645E77CF-D500-4072-8114-D56764EC0A6A}.Debug|Any CPU.ActiveCfg = Debug|Any CPU
		{645E77CF-D500-4072-8114-D56764EC0A6A}.Debug|Any CPU.Build.0 = Debug|Any CPU
		{645E77CF-D500-4072-8114-D56764EC0A6A}.Debug|x64.ActiveCfg = Debug|Any CPU
		{645E77CF-D500-4072-8114-D56764EC0A6A}.Debug|x64.Build.0 = Debug|Any CPU
		{645E77CF-D500-4072-8114-D56764EC0A6A}.Debug|x86.ActiveCfg = Debug|Any CPU
		{645E77CF-D500-4072-8114-D56764EC0A6A}.Debug|x86.Build.0 = Debug|Any CPU
		{645E77CF-D500-4072-8114-D56764EC0A6A}.Release|Any CPU.ActiveCfg = Release|Any CPU
		{645E77CF-D500-4072-8114-D56764EC0A6A}.Release|Any CPU.Build.0 = Release|Any CPU
		{645E77CF-D500-4072-8114-D56764EC0A6A}.Release|x64.ActiveCfg = Release|Any CPU
		{645E77CF-D500-4072-8114-D56764EC0A6A}.Release|x64.Build.0 = Release|Any CPU
		{645E77CF-D500-4072-8114-D56764EC0A6A}.Release|x86.ActiveCfg = Release|Any CPU
		{645E77CF-D500-4072-8114-D56764EC0A6A}.Release|x86.Build.0 = Release|Any CPU
		{76DAD2D8-D8A6-4851-A4BD-12E48D66DE3F}.Debug|Any CPU.ActiveCfg = Debug|Any CPU
		{76DAD2D8-D8A6-4851-A4BD-12E48D66DE3F}.Debug|Any CPU.Build.0 = Debug|Any CPU
		{76DAD2D8-D8A6-4851-A4BD-12E48D66DE3F}.Debug|x64.ActiveCfg = Debug|Any CPU
		{76DAD2D8-D8A6-4851-A4BD-12E48D66DE3F}.Debug|x64.Build.0 = Debug|Any CPU
		{76DAD2D8-D8A6-4851-A4BD-12E48D66DE3F}.Debug|x86.ActiveCfg = Debug|Any CPU
		{76DAD2D8-D8A6-4851-A4BD-12E48D66DE3F}.Debug|x86.Build.0 = Debug|Any CPU
		{76DAD2D8-D8A6-4851-A4BD-12E48D66DE3F}.Release|Any CPU.ActiveCfg = Release|Any CPU
		{76DAD2D8-D8A6-4851-A4BD-12E48D66DE3F}.Release|Any CPU.Build.0 = Release|Any CPU
		{76DAD2D8-D8A6-4851-A4BD-12E48D66DE3F}.Release|x64.ActiveCfg = Release|Any CPU
		{76DAD2D8-D8A6-4851-A4BD-12E48D66DE3F}.Release|x64.Build.0 = Release|Any CPU
		{76DAD2D8-D8A6-4851-A4BD-12E48D66DE3F}.Release|x86.ActiveCfg = Release|Any CPU
		{76DAD2D8-D8A6-4851-A4BD-12E48D66DE3F}.Release|x86.Build.0 = Release|Any CPU
		{CF94F3CC-77B5-4809-A192-A673E94F9FD2}.Debug|Any CPU.ActiveCfg = Debug|Any CPU
		{CF94F3CC-77B5-4809-A192-A673E94F9FD2}.Debug|Any CPU.Build.0 = Debug|Any CPU
		{CF94F3CC-77B5-4809-A192-A673E94F9FD2}.Debug|x64.ActiveCfg = Debug|Any CPU
		{CF94F3CC-77B5-4809-A192-A673E94F9FD2}.Debug|x64.Build.0 = Debug|Any CPU
		{CF94F3CC-77B5-4809-A192-A673E94F9FD2}.Debug|x86.ActiveCfg = Debug|Any CPU
		{CF94F3CC-77B5-4809-A192-A673E94F9FD2}.Debug|x86.Build.0 = Debug|Any CPU
		{CF94F3CC-77B5-4809-A192-A673E94F9FD2}.Release|Any CPU.ActiveCfg = Release|Any CPU
		{CF94F3CC-77B5-4809-A192-A673E94F9FD2}.Release|Any CPU.Build.0 = Release|Any CPU
		{CF94F3CC-77B5-4809-A192-A673E94F9FD2}.Release|x64.ActiveCfg = Release|Any CPU
		{CF94F3CC-77B5-4809-A192-A673E94F9FD2}.Release|x64.Build.0 = Release|Any CPU
		{CF94F3CC-77B5-4809-A192-A673E94F9FD2}.Release|x86.ActiveCfg = Release|Any CPU
		{CF94F3CC-77B5-4809-A192-A673E94F9FD2}.Release|x86.Build.0 = Release|Any CPU
		{DC9CF685-F389-4BBC-9747-B0A3C85D39AD}.Debug|Any CPU.ActiveCfg = Debug|Any CPU
		{DC9CF685-F389-4BBC-9747-B0A3C85D39AD}.Debug|Any CPU.Build.0 = Debug|Any CPU
		{DC9CF685-F389-4BBC-9747-B0A3C85D39AD}.Debug|x64.ActiveCfg = Debug|Any CPU
		{DC9CF685-F389-4BBC-9747-B0A3C85D39AD}.Debug|x64.Build.0 = Debug|Any CPU
		{DC9CF685-F389-4BBC-9747-B0A3C85D39AD}.Debug|x86.ActiveCfg = Debug|Any CPU
		{DC9CF685-F389-4BBC-9747-B0A3C85D39AD}.Debug|x86.Build.0 = Debug|Any CPU
		{DC9CF685-F389-4BBC-9747-B0A3C85D39AD}.Release|Any CPU.ActiveCfg = Release|Any CPU
		{DC9CF685-F389-4BBC-9747-B0A3C85D39AD}.Release|Any CPU.Build.0 = Release|Any CPU
		{DC9CF685-F389-4BBC-9747-B0A3C85D39AD}.Release|x64.ActiveCfg = Release|Any CPU
		{DC9CF685-F389-4BBC-9747-B0A3C85D39AD}.Release|x64.Build.0 = Release|Any CPU
		{DC9CF685-F389-4BBC-9747-B0A3C85D39AD}.Release|x86.ActiveCfg = Release|Any CPU
		{DC9CF685-F389-4BBC-9747-B0A3C85D39AD}.Release|x86.Build.0 = Release|Any CPU
		{C2186761-A086-461F-B42A-14DBC9DE4846}.Debug|Any CPU.ActiveCfg = Debug|Any CPU
		{C2186761-A086-461F-B42A-14DBC9DE4846}.Debug|Any CPU.Build.0 = Debug|Any CPU
		{C2186761-A086-461F-B42A-14DBC9DE4846}.Debug|x64.ActiveCfg = Debug|Any CPU
		{C2186761-A086-461F-B42A-14DBC9DE4846}.Debug|x64.Build.0 = Debug|Any CPU
		{C2186761-A086-461F-B42A-14DBC9DE4846}.Debug|x86.ActiveCfg = Debug|Any CPU
		{C2186761-A086-461F-B42A-14DBC9DE4846}.Debug|x86.Build.0 = Debug|Any CPU
		{C2186761-A086-461F-B42A-14DBC9DE4846}.Release|Any CPU.ActiveCfg = Release|Any CPU
		{C2186761-A086-461F-B42A-14DBC9DE4846}.Release|Any CPU.Build.0 = Release|Any CPU
		{C2186761-A086-461F-B42A-14DBC9DE4846}.Release|x64.ActiveCfg = Release|Any CPU
		{C2186761-A086-461F-B42A-14DBC9DE4846}.Release|x64.Build.0 = Release|Any CPU
		{C2186761-A086-461F-B42A-14DBC9DE4846}.Release|x86.ActiveCfg = Release|Any CPU
		{C2186761-A086-461F-B42A-14DBC9DE4846}.Release|x86.Build.0 = Release|Any CPU
		{22736329-D662-8EB0-EAA0-613461B8CE86}.Debug|Any CPU.ActiveCfg = Debug|Any CPU
		{22736329-D662-8EB0-EAA0-613461B8CE86}.Debug|Any CPU.Build.0 = Debug|Any CPU
		{22736329-D662-8EB0-EAA0-613461B8CE86}.Debug|x64.ActiveCfg = Debug|Any CPU
		{22736329-D662-8EB0-EAA0-613461B8CE86}.Debug|x64.Build.0 = Debug|Any CPU
		{22736329-D662-8EB0-EAA0-613461B8CE86}.Debug|x86.ActiveCfg = Debug|Any CPU
		{22736329-D662-8EB0-EAA0-613461B8CE86}.Debug|x86.Build.0 = Debug|Any CPU
		{22736329-D662-8EB0-EAA0-613461B8CE86}.Release|Any CPU.ActiveCfg = Release|Any CPU
		{22736329-D662-8EB0-EAA0-613461B8CE86}.Release|Any CPU.Build.0 = Release|Any CPU
		{22736329-D662-8EB0-EAA0-613461B8CE86}.Release|x64.ActiveCfg = Release|Any CPU
		{22736329-D662-8EB0-EAA0-613461B8CE86}.Release|x64.Build.0 = Release|Any CPU
		{22736329-D662-8EB0-EAA0-613461B8CE86}.Release|x86.ActiveCfg = Release|Any CPU
		{22736329-D662-8EB0-EAA0-613461B8CE86}.Release|x86.Build.0 = Release|Any CPU
		{412933E6-1A4E-3899-7481-B7034D872086}.Debug|Any CPU.ActiveCfg = Debug|Any CPU
		{412933E6-1A4E-3899-7481-B7034D872086}.Debug|Any CPU.Build.0 = Debug|Any CPU
		{412933E6-1A4E-3899-7481-B7034D872086}.Debug|x64.ActiveCfg = Debug|Any CPU
		{412933E6-1A4E-3899-7481-B7034D872086}.Debug|x64.Build.0 = Debug|Any CPU
		{412933E6-1A4E-3899-7481-B7034D872086}.Debug|x86.ActiveCfg = Debug|Any CPU
		{412933E6-1A4E-3899-7481-B7034D872086}.Debug|x86.Build.0 = Debug|Any CPU
		{412933E6-1A4E-3899-7481-B7034D872086}.Release|Any CPU.ActiveCfg = Release|Any CPU
		{412933E6-1A4E-3899-7481-B7034D872086}.Release|Any CPU.Build.0 = Release|Any CPU
		{412933E6-1A4E-3899-7481-B7034D872086}.Release|x64.ActiveCfg = Release|Any CPU
		{412933E6-1A4E-3899-7481-B7034D872086}.Release|x64.Build.0 = Release|Any CPU
		{412933E6-1A4E-3899-7481-B7034D872086}.Release|x86.ActiveCfg = Release|Any CPU
		{412933E6-1A4E-3899-7481-B7034D872086}.Release|x86.Build.0 = Release|Any CPU
		{7E14A176-70C1-32E3-9A58-33668577203D}.Debug|Any CPU.ActiveCfg = Debug|Any CPU
		{7E14A176-70C1-32E3-9A58-33668577203D}.Debug|Any CPU.Build.0 = Debug|Any CPU
		{7E14A176-70C1-32E3-9A58-33668577203D}.Debug|x64.ActiveCfg = Debug|Any CPU
		{7E14A176-70C1-32E3-9A58-33668577203D}.Debug|x64.Build.0 = Debug|Any CPU
		{7E14A176-70C1-32E3-9A58-33668577203D}.Debug|x86.ActiveCfg = Debug|Any CPU
		{7E14A176-70C1-32E3-9A58-33668577203D}.Debug|x86.Build.0 = Debug|Any CPU
		{7E14A176-70C1-32E3-9A58-33668577203D}.Release|Any CPU.ActiveCfg = Release|Any CPU
		{7E14A176-70C1-32E3-9A58-33668577203D}.Release|Any CPU.Build.0 = Release|Any CPU
		{7E14A176-70C1-32E3-9A58-33668577203D}.Release|x64.ActiveCfg = Release|Any CPU
		{7E14A176-70C1-32E3-9A58-33668577203D}.Release|x64.Build.0 = Release|Any CPU
		{7E14A176-70C1-32E3-9A58-33668577203D}.Release|x86.ActiveCfg = Release|Any CPU
		{7E14A176-70C1-32E3-9A58-33668577203D}.Release|x86.Build.0 = Release|Any CPU
		{E210DC67-588F-4EF3-85F3-5C18C5940643}.Debug|Any CPU.ActiveCfg = Debug|Any CPU
		{E210DC67-588F-4EF3-85F3-5C18C5940643}.Debug|Any CPU.Build.0 = Debug|Any CPU
		{E210DC67-588F-4EF3-85F3-5C18C5940643}.Debug|x64.ActiveCfg = Debug|Any CPU
		{E210DC67-588F-4EF3-85F3-5C18C5940643}.Debug|x64.Build.0 = Debug|Any CPU
		{E210DC67-588F-4EF3-85F3-5C18C5940643}.Debug|x86.ActiveCfg = Debug|Any CPU
		{E210DC67-588F-4EF3-85F3-5C18C5940643}.Debug|x86.Build.0 = Debug|Any CPU
		{E210DC67-588F-4EF3-85F3-5C18C5940643}.Release|Any CPU.ActiveCfg = Release|Any CPU
		{E210DC67-588F-4EF3-85F3-5C18C5940643}.Release|Any CPU.Build.0 = Release|Any CPU
		{E210DC67-588F-4EF3-85F3-5C18C5940643}.Release|x64.ActiveCfg = Release|Any CPU
		{E210DC67-588F-4EF3-85F3-5C18C5940643}.Release|x64.Build.0 = Release|Any CPU
		{E210DC67-588F-4EF3-85F3-5C18C5940643}.Release|x86.ActiveCfg = Release|Any CPU
		{E210DC67-588F-4EF3-85F3-5C18C5940643}.Release|x86.Build.0 = Release|Any CPU
		{BD4C2AC4-AA2E-4787-B275-F746B0CD418C}.Debug|Any CPU.ActiveCfg = Debug|Any CPU
		{BD4C2AC4-AA2E-4787-B275-F746B0CD418C}.Debug|Any CPU.Build.0 = Debug|Any CPU
		{BD4C2AC4-AA2E-4787-B275-F746B0CD418C}.Debug|x64.ActiveCfg = Debug|Any CPU
		{BD4C2AC4-AA2E-4787-B275-F746B0CD418C}.Debug|x64.Build.0 = Debug|Any CPU
		{BD4C2AC4-AA2E-4787-B275-F746B0CD418C}.Debug|x86.ActiveCfg = Debug|Any CPU
		{BD4C2AC4-AA2E-4787-B275-F746B0CD418C}.Debug|x86.Build.0 = Debug|Any CPU
		{BD4C2AC4-AA2E-4787-B275-F746B0CD418C}.Release|Any CPU.ActiveCfg = Release|Any CPU
		{BD4C2AC4-AA2E-4787-B275-F746B0CD418C}.Release|Any CPU.Build.0 = Release|Any CPU
		{BD4C2AC4-AA2E-4787-B275-F746B0CD418C}.Release|x64.ActiveCfg = Release|Any CPU
		{BD4C2AC4-AA2E-4787-B275-F746B0CD418C}.Release|x64.Build.0 = Release|Any CPU
		{BD4C2AC4-AA2E-4787-B275-F746B0CD418C}.Release|x86.ActiveCfg = Release|Any CPU
		{BD4C2AC4-AA2E-4787-B275-F746B0CD418C}.Release|x86.Build.0 = Release|Any CPU
		{9010C7DA-7BF1-1477-C761-BD4654FE33AF}.Debug|Any CPU.ActiveCfg = Debug|Any CPU
		{9010C7DA-7BF1-1477-C761-BD4654FE33AF}.Debug|Any CPU.Build.0 = Debug|Any CPU
		{9010C7DA-7BF1-1477-C761-BD4654FE33AF}.Debug|x64.ActiveCfg = Debug|Any CPU
		{9010C7DA-7BF1-1477-C761-BD4654FE33AF}.Debug|x64.Build.0 = Debug|Any CPU
		{9010C7DA-7BF1-1477-C761-BD4654FE33AF}.Debug|x86.ActiveCfg = Debug|Any CPU
		{9010C7DA-7BF1-1477-C761-BD4654FE33AF}.Debug|x86.Build.0 = Debug|Any CPU
		{9010C7DA-7BF1-1477-C761-BD4654FE33AF}.Release|Any CPU.ActiveCfg = Release|Any CPU
		{9010C7DA-7BF1-1477-C761-BD4654FE33AF}.Release|Any CPU.Build.0 = Release|Any CPU
		{9010C7DA-7BF1-1477-C761-BD4654FE33AF}.Release|x64.ActiveCfg = Release|Any CPU
		{9010C7DA-7BF1-1477-C761-BD4654FE33AF}.Release|x64.Build.0 = Release|Any CPU
		{9010C7DA-7BF1-1477-C761-BD4654FE33AF}.Release|x86.ActiveCfg = Release|Any CPU
		{9010C7DA-7BF1-1477-C761-BD4654FE33AF}.Release|x86.Build.0 = Release|Any CPU
		{F74A929E-04E3-4694-B0C9-DC7EA9B6F806}.Debug|Any CPU.ActiveCfg = Debug|Any CPU
		{F74A929E-04E3-4694-B0C9-DC7EA9B6F806}.Debug|Any CPU.Build.0 = Debug|Any CPU
		{F74A929E-04E3-4694-B0C9-DC7EA9B6F806}.Debug|x64.ActiveCfg = Debug|Any CPU
		{F74A929E-04E3-4694-B0C9-DC7EA9B6F806}.Debug|x64.Build.0 = Debug|Any CPU
		{F74A929E-04E3-4694-B0C9-DC7EA9B6F806}.Debug|x86.ActiveCfg = Debug|Any CPU
		{F74A929E-04E3-4694-B0C9-DC7EA9B6F806}.Debug|x86.Build.0 = Debug|Any CPU
		{F74A929E-04E3-4694-B0C9-DC7EA9B6F806}.Release|Any CPU.ActiveCfg = Release|Any CPU
		{F74A929E-04E3-4694-B0C9-DC7EA9B6F806}.Release|Any CPU.Build.0 = Release|Any CPU
		{F74A929E-04E3-4694-B0C9-DC7EA9B6F806}.Release|x64.ActiveCfg = Release|Any CPU
		{F74A929E-04E3-4694-B0C9-DC7EA9B6F806}.Release|x64.Build.0 = Release|Any CPU
		{F74A929E-04E3-4694-B0C9-DC7EA9B6F806}.Release|x86.ActiveCfg = Release|Any CPU
		{F74A929E-04E3-4694-B0C9-DC7EA9B6F806}.Release|x86.Build.0 = Release|Any CPU
		{D218443B-231B-4E4F-9ADB-26AF7D88BA3B}.Debug|Any CPU.ActiveCfg = Debug|Any CPU
		{D218443B-231B-4E4F-9ADB-26AF7D88BA3B}.Debug|Any CPU.Build.0 = Debug|Any CPU
		{D218443B-231B-4E4F-9ADB-26AF7D88BA3B}.Debug|x64.ActiveCfg = Debug|Any CPU
		{D218443B-231B-4E4F-9ADB-26AF7D88BA3B}.Debug|x64.Build.0 = Debug|Any CPU
		{D218443B-231B-4E4F-9ADB-26AF7D88BA3B}.Debug|x86.ActiveCfg = Debug|Any CPU
		{D218443B-231B-4E4F-9ADB-26AF7D88BA3B}.Debug|x86.Build.0 = Debug|Any CPU
		{D218443B-231B-4E4F-9ADB-26AF7D88BA3B}.Release|Any CPU.ActiveCfg = Release|Any CPU
		{D218443B-231B-4E4F-9ADB-26AF7D88BA3B}.Release|Any CPU.Build.0 = Release|Any CPU
		{D218443B-231B-4E4F-9ADB-26AF7D88BA3B}.Release|x64.ActiveCfg = Release|Any CPU
		{D218443B-231B-4E4F-9ADB-26AF7D88BA3B}.Release|x64.Build.0 = Release|Any CPU
		{D218443B-231B-4E4F-9ADB-26AF7D88BA3B}.Release|x86.ActiveCfg = Release|Any CPU
		{D218443B-231B-4E4F-9ADB-26AF7D88BA3B}.Release|x86.Build.0 = Release|Any CPU
		{6EF7678A-A725-F430-3097-30F090C0100A}.Debug|Any CPU.ActiveCfg = Debug|Any CPU
		{6EF7678A-A725-F430-3097-30F090C0100A}.Debug|Any CPU.Build.0 = Debug|Any CPU
		{6EF7678A-A725-F430-3097-30F090C0100A}.Debug|x64.ActiveCfg = Debug|Any CPU
		{6EF7678A-A725-F430-3097-30F090C0100A}.Debug|x64.Build.0 = Debug|Any CPU
		{6EF7678A-A725-F430-3097-30F090C0100A}.Debug|x86.ActiveCfg = Debug|Any CPU
		{6EF7678A-A725-F430-3097-30F090C0100A}.Debug|x86.Build.0 = Debug|Any CPU
		{6EF7678A-A725-F430-3097-30F090C0100A}.Release|Any CPU.ActiveCfg = Release|Any CPU
		{6EF7678A-A725-F430-3097-30F090C0100A}.Release|Any CPU.Build.0 = Release|Any CPU
		{6EF7678A-A725-F430-3097-30F090C0100A}.Release|x64.ActiveCfg = Release|Any CPU
		{6EF7678A-A725-F430-3097-30F090C0100A}.Release|x64.Build.0 = Release|Any CPU
		{6EF7678A-A725-F430-3097-30F090C0100A}.Release|x86.ActiveCfg = Release|Any CPU
		{6EF7678A-A725-F430-3097-30F090C0100A}.Release|x86.Build.0 = Release|Any CPU
		{010D0C11-D6A2-3CA6-3281-4E0FD547EC2D}.Debug|Any CPU.ActiveCfg = Debug|Any CPU
		{010D0C11-D6A2-3CA6-3281-4E0FD547EC2D}.Debug|Any CPU.Build.0 = Debug|Any CPU
		{010D0C11-D6A2-3CA6-3281-4E0FD547EC2D}.Debug|x64.ActiveCfg = Debug|Any CPU
		{010D0C11-D6A2-3CA6-3281-4E0FD547EC2D}.Debug|x64.Build.0 = Debug|Any CPU
		{010D0C11-D6A2-3CA6-3281-4E0FD547EC2D}.Debug|x86.ActiveCfg = Debug|Any CPU
		{010D0C11-D6A2-3CA6-3281-4E0FD547EC2D}.Debug|x86.Build.0 = Debug|Any CPU
		{010D0C11-D6A2-3CA6-3281-4E0FD547EC2D}.Release|Any CPU.ActiveCfg = Release|Any CPU
		{010D0C11-D6A2-3CA6-3281-4E0FD547EC2D}.Release|Any CPU.Build.0 = Release|Any CPU
		{010D0C11-D6A2-3CA6-3281-4E0FD547EC2D}.Release|x64.ActiveCfg = Release|Any CPU
		{010D0C11-D6A2-3CA6-3281-4E0FD547EC2D}.Release|x64.Build.0 = Release|Any CPU
		{010D0C11-D6A2-3CA6-3281-4E0FD547EC2D}.Release|x86.ActiveCfg = Release|Any CPU
		{010D0C11-D6A2-3CA6-3281-4E0FD547EC2D}.Release|x86.Build.0 = Release|Any CPU
		{E119B146-C580-4824-9208-24855F2CAC1A}.Debug|Any CPU.ActiveCfg = Debug|Any CPU
		{E119B146-C580-4824-9208-24855F2CAC1A}.Debug|Any CPU.Build.0 = Debug|Any CPU
		{E119B146-C580-4824-9208-24855F2CAC1A}.Debug|x64.ActiveCfg = Debug|Any CPU
		{E119B146-C580-4824-9208-24855F2CAC1A}.Debug|x64.Build.0 = Debug|Any CPU
		{E119B146-C580-4824-9208-24855F2CAC1A}.Debug|x86.ActiveCfg = Debug|Any CPU
		{E119B146-C580-4824-9208-24855F2CAC1A}.Debug|x86.Build.0 = Debug|Any CPU
		{E119B146-C580-4824-9208-24855F2CAC1A}.Release|Any CPU.ActiveCfg = Release|Any CPU
		{E119B146-C580-4824-9208-24855F2CAC1A}.Release|Any CPU.Build.0 = Release|Any CPU
		{E119B146-C580-4824-9208-24855F2CAC1A}.Release|x64.ActiveCfg = Release|Any CPU
		{E119B146-C580-4824-9208-24855F2CAC1A}.Release|x64.Build.0 = Release|Any CPU
		{E119B146-C580-4824-9208-24855F2CAC1A}.Release|x86.ActiveCfg = Release|Any CPU
		{E119B146-C580-4824-9208-24855F2CAC1A}.Release|x86.Build.0 = Release|Any CPU
		{9AE52098-3A0F-4BD5-B5B5-C1CDB5BE4F7B}.Debug|Any CPU.ActiveCfg = Debug|Any CPU
		{9AE52098-3A0F-4BD5-B5B5-C1CDB5BE4F7B}.Debug|Any CPU.Build.0 = Debug|Any CPU
		{9AE52098-3A0F-4BD5-B5B5-C1CDB5BE4F7B}.Debug|x64.ActiveCfg = Debug|Any CPU
		{9AE52098-3A0F-4BD5-B5B5-C1CDB5BE4F7B}.Debug|x64.Build.0 = Debug|Any CPU
		{9AE52098-3A0F-4BD5-B5B5-C1CDB5BE4F7B}.Debug|x86.ActiveCfg = Debug|Any CPU
		{9AE52098-3A0F-4BD5-B5B5-C1CDB5BE4F7B}.Debug|x86.Build.0 = Debug|Any CPU
		{9AE52098-3A0F-4BD5-B5B5-C1CDB5BE4F7B}.Release|Any CPU.ActiveCfg = Release|Any CPU
		{9AE52098-3A0F-4BD5-B5B5-C1CDB5BE4F7B}.Release|Any CPU.Build.0 = Release|Any CPU
		{9AE52098-3A0F-4BD5-B5B5-C1CDB5BE4F7B}.Release|x64.ActiveCfg = Release|Any CPU
		{9AE52098-3A0F-4BD5-B5B5-C1CDB5BE4F7B}.Release|x64.Build.0 = Release|Any CPU
		{9AE52098-3A0F-4BD5-B5B5-C1CDB5BE4F7B}.Release|x86.ActiveCfg = Release|Any CPU
		{9AE52098-3A0F-4BD5-B5B5-C1CDB5BE4F7B}.Release|x86.Build.0 = Release|Any CPU
		{DDCF501D-CBE3-4CA0-9DDC-6336DB48D5D4}.Debug|Any CPU.ActiveCfg = Debug|Any CPU
		{DDCF501D-CBE3-4CA0-9DDC-6336DB48D5D4}.Debug|Any CPU.Build.0 = Debug|Any CPU
		{DDCF501D-CBE3-4CA0-9DDC-6336DB48D5D4}.Debug|x64.ActiveCfg = Debug|Any CPU
		{DDCF501D-CBE3-4CA0-9DDC-6336DB48D5D4}.Debug|x64.Build.0 = Debug|Any CPU
		{DDCF501D-CBE3-4CA0-9DDC-6336DB48D5D4}.Debug|x86.ActiveCfg = Debug|Any CPU
		{DDCF501D-CBE3-4CA0-9DDC-6336DB48D5D4}.Debug|x86.Build.0 = Debug|Any CPU
		{DDCF501D-CBE3-4CA0-9DDC-6336DB48D5D4}.Release|Any CPU.ActiveCfg = Release|Any CPU
		{DDCF501D-CBE3-4CA0-9DDC-6336DB48D5D4}.Release|Any CPU.Build.0 = Release|Any CPU
		{DDCF501D-CBE3-4CA0-9DDC-6336DB48D5D4}.Release|x64.ActiveCfg = Release|Any CPU
		{DDCF501D-CBE3-4CA0-9DDC-6336DB48D5D4}.Release|x64.Build.0 = Release|Any CPU
		{DDCF501D-CBE3-4CA0-9DDC-6336DB48D5D4}.Release|x86.ActiveCfg = Release|Any CPU
		{DDCF501D-CBE3-4CA0-9DDC-6336DB48D5D4}.Release|x86.Build.0 = Release|Any CPU
		{5FE7A626-EF82-4989-82DF-3CA7FFE163D7}.Debug|Any CPU.ActiveCfg = Debug|Any CPU
		{5FE7A626-EF82-4989-82DF-3CA7FFE163D7}.Debug|Any CPU.Build.0 = Debug|Any CPU
		{5FE7A626-EF82-4989-82DF-3CA7FFE163D7}.Debug|x64.ActiveCfg = Debug|Any CPU
		{5FE7A626-EF82-4989-82DF-3CA7FFE163D7}.Debug|x64.Build.0 = Debug|Any CPU
		{5FE7A626-EF82-4989-82DF-3CA7FFE163D7}.Debug|x86.ActiveCfg = Debug|Any CPU
		{5FE7A626-EF82-4989-82DF-3CA7FFE163D7}.Debug|x86.Build.0 = Debug|Any CPU
		{5FE7A626-EF82-4989-82DF-3CA7FFE163D7}.Release|Any CPU.ActiveCfg = Release|Any CPU
		{5FE7A626-EF82-4989-82DF-3CA7FFE163D7}.Release|Any CPU.Build.0 = Release|Any CPU
		{5FE7A626-EF82-4989-82DF-3CA7FFE163D7}.Release|x64.ActiveCfg = Release|Any CPU
		{5FE7A626-EF82-4989-82DF-3CA7FFE163D7}.Release|x64.Build.0 = Release|Any CPU
		{5FE7A626-EF82-4989-82DF-3CA7FFE163D7}.Release|x86.ActiveCfg = Release|Any CPU
		{5FE7A626-EF82-4989-82DF-3CA7FFE163D7}.Release|x86.Build.0 = Release|Any CPU
		{05B5D68B-B0F8-4C81-88EB-E0682BA0F47C}.Debug|Any CPU.ActiveCfg = Debug|Any CPU
		{05B5D68B-B0F8-4C81-88EB-E0682BA0F47C}.Debug|Any CPU.Build.0 = Debug|Any CPU
		{05B5D68B-B0F8-4C81-88EB-E0682BA0F47C}.Debug|x64.ActiveCfg = Debug|Any CPU
		{05B5D68B-B0F8-4C81-88EB-E0682BA0F47C}.Debug|x64.Build.0 = Debug|Any CPU
		{05B5D68B-B0F8-4C81-88EB-E0682BA0F47C}.Debug|x86.ActiveCfg = Debug|Any CPU
		{05B5D68B-B0F8-4C81-88EB-E0682BA0F47C}.Debug|x86.Build.0 = Debug|Any CPU
		{05B5D68B-B0F8-4C81-88EB-E0682BA0F47C}.Release|Any CPU.ActiveCfg = Release|Any CPU
		{05B5D68B-B0F8-4C81-88EB-E0682BA0F47C}.Release|Any CPU.Build.0 = Release|Any CPU
		{05B5D68B-B0F8-4C81-88EB-E0682BA0F47C}.Release|x64.ActiveCfg = Release|Any CPU
		{05B5D68B-B0F8-4C81-88EB-E0682BA0F47C}.Release|x64.Build.0 = Release|Any CPU
		{05B5D68B-B0F8-4C81-88EB-E0682BA0F47C}.Release|x86.ActiveCfg = Release|Any CPU
		{05B5D68B-B0F8-4C81-88EB-E0682BA0F47C}.Release|x86.Build.0 = Release|Any CPU
		{A7F0E3E4-3DA4-492A-A890-21BF543FA425}.Debug|Any CPU.ActiveCfg = Debug|Any CPU
		{A7F0E3E4-3DA4-492A-A890-21BF543FA425}.Debug|Any CPU.Build.0 = Debug|Any CPU
		{A7F0E3E4-3DA4-492A-A890-21BF543FA425}.Debug|x64.ActiveCfg = Debug|Any CPU
		{A7F0E3E4-3DA4-492A-A890-21BF543FA425}.Debug|x64.Build.0 = Debug|Any CPU
		{A7F0E3E4-3DA4-492A-A890-21BF543FA425}.Debug|x86.ActiveCfg = Debug|Any CPU
		{A7F0E3E4-3DA4-492A-A890-21BF543FA425}.Debug|x86.Build.0 = Debug|Any CPU
		{A7F0E3E4-3DA4-492A-A890-21BF543FA425}.Release|Any CPU.ActiveCfg = Release|Any CPU
		{A7F0E3E4-3DA4-492A-A890-21BF543FA425}.Release|Any CPU.Build.0 = Release|Any CPU
		{A7F0E3E4-3DA4-492A-A890-21BF543FA425}.Release|x64.ActiveCfg = Release|Any CPU
		{A7F0E3E4-3DA4-492A-A890-21BF543FA425}.Release|x64.Build.0 = Release|Any CPU
		{A7F0E3E4-3DA4-492A-A890-21BF543FA425}.Release|x86.ActiveCfg = Release|Any CPU
		{A7F0E3E4-3DA4-492A-A890-21BF543FA425}.Release|x86.Build.0 = Release|Any CPU
		{C9CF7221-B714-4367-973E-9FE1F1C2DEC0}.Debug|Any CPU.ActiveCfg = Debug|Any CPU
		{C9CF7221-B714-4367-973E-9FE1F1C2DEC0}.Debug|Any CPU.Build.0 = Debug|Any CPU
		{C9CF7221-B714-4367-973E-9FE1F1C2DEC0}.Debug|x64.ActiveCfg = Debug|Any CPU
		{C9CF7221-B714-4367-973E-9FE1F1C2DEC0}.Debug|x64.Build.0 = Debug|Any CPU
		{C9CF7221-B714-4367-973E-9FE1F1C2DEC0}.Debug|x86.ActiveCfg = Debug|Any CPU
		{C9CF7221-B714-4367-973E-9FE1F1C2DEC0}.Debug|x86.Build.0 = Debug|Any CPU
		{C9CF7221-B714-4367-973E-9FE1F1C2DEC0}.Release|Any CPU.ActiveCfg = Release|Any CPU
		{C9CF7221-B714-4367-973E-9FE1F1C2DEC0}.Release|Any CPU.Build.0 = Release|Any CPU
		{C9CF7221-B714-4367-973E-9FE1F1C2DEC0}.Release|x64.ActiveCfg = Release|Any CPU
		{C9CF7221-B714-4367-973E-9FE1F1C2DEC0}.Release|x64.Build.0 = Release|Any CPU
		{C9CF7221-B714-4367-973E-9FE1F1C2DEC0}.Release|x86.ActiveCfg = Release|Any CPU
		{C9CF7221-B714-4367-973E-9FE1F1C2DEC0}.Release|x86.Build.0 = Release|Any CPU
		{F01C3B69-9D05-4BEF-26EB-57BAD926097B}.Debug|Any CPU.ActiveCfg = Debug|Any CPU
		{F01C3B69-9D05-4BEF-26EB-57BAD926097B}.Debug|Any CPU.Build.0 = Debug|Any CPU
		{F01C3B69-9D05-4BEF-26EB-57BAD926097B}.Debug|x64.ActiveCfg = Debug|Any CPU
		{F01C3B69-9D05-4BEF-26EB-57BAD926097B}.Debug|x64.Build.0 = Debug|Any CPU
		{F01C3B69-9D05-4BEF-26EB-57BAD926097B}.Debug|x86.ActiveCfg = Debug|Any CPU
		{F01C3B69-9D05-4BEF-26EB-57BAD926097B}.Debug|x86.Build.0 = Debug|Any CPU
		{F01C3B69-9D05-4BEF-26EB-57BAD926097B}.Release|Any CPU.ActiveCfg = Release|Any CPU
		{F01C3B69-9D05-4BEF-26EB-57BAD926097B}.Release|Any CPU.Build.0 = Release|Any CPU
		{F01C3B69-9D05-4BEF-26EB-57BAD926097B}.Release|x64.ActiveCfg = Release|Any CPU
		{F01C3B69-9D05-4BEF-26EB-57BAD926097B}.Release|x64.Build.0 = Release|Any CPU
		{F01C3B69-9D05-4BEF-26EB-57BAD926097B}.Release|x86.ActiveCfg = Release|Any CPU
		{F01C3B69-9D05-4BEF-26EB-57BAD926097B}.Release|x86.Build.0 = Release|Any CPU
		{414DFFD5-4A0F-DD91-933A-D9585859A325}.Debug|Any CPU.ActiveCfg = Debug|Any CPU
		{414DFFD5-4A0F-DD91-933A-D9585859A325}.Debug|Any CPU.Build.0 = Debug|Any CPU
		{414DFFD5-4A0F-DD91-933A-D9585859A325}.Debug|x64.ActiveCfg = Debug|Any CPU
		{414DFFD5-4A0F-DD91-933A-D9585859A325}.Debug|x64.Build.0 = Debug|Any CPU
		{414DFFD5-4A0F-DD91-933A-D9585859A325}.Debug|x86.ActiveCfg = Debug|Any CPU
		{414DFFD5-4A0F-DD91-933A-D9585859A325}.Debug|x86.Build.0 = Debug|Any CPU
		{414DFFD5-4A0F-DD91-933A-D9585859A325}.Release|Any CPU.ActiveCfg = Release|Any CPU
		{414DFFD5-4A0F-DD91-933A-D9585859A325}.Release|Any CPU.Build.0 = Release|Any CPU
		{414DFFD5-4A0F-DD91-933A-D9585859A325}.Release|x64.ActiveCfg = Release|Any CPU
		{414DFFD5-4A0F-DD91-933A-D9585859A325}.Release|x64.Build.0 = Release|Any CPU
		{414DFFD5-4A0F-DD91-933A-D9585859A325}.Release|x86.ActiveCfg = Release|Any CPU
		{414DFFD5-4A0F-DD91-933A-D9585859A325}.Release|x86.Build.0 = Release|Any CPU
		{98220961-11DA-4AC2-B7ED-D5B1EAFA4046}.Debug|Any CPU.ActiveCfg = Debug|Any CPU
		{98220961-11DA-4AC2-B7ED-D5B1EAFA4046}.Debug|Any CPU.Build.0 = Debug|Any CPU
		{98220961-11DA-4AC2-B7ED-D5B1EAFA4046}.Debug|x64.ActiveCfg = Debug|Any CPU
		{98220961-11DA-4AC2-B7ED-D5B1EAFA4046}.Debug|x64.Build.0 = Debug|Any CPU
		{98220961-11DA-4AC2-B7ED-D5B1EAFA4046}.Debug|x86.ActiveCfg = Debug|Any CPU
		{98220961-11DA-4AC2-B7ED-D5B1EAFA4046}.Debug|x86.Build.0 = Debug|Any CPU
		{98220961-11DA-4AC2-B7ED-D5B1EAFA4046}.Release|Any CPU.ActiveCfg = Release|Any CPU
		{98220961-11DA-4AC2-B7ED-D5B1EAFA4046}.Release|Any CPU.Build.0 = Release|Any CPU
		{98220961-11DA-4AC2-B7ED-D5B1EAFA4046}.Release|x64.ActiveCfg = Release|Any CPU
		{98220961-11DA-4AC2-B7ED-D5B1EAFA4046}.Release|x64.Build.0 = Release|Any CPU
		{98220961-11DA-4AC2-B7ED-D5B1EAFA4046}.Release|x86.ActiveCfg = Release|Any CPU
		{98220961-11DA-4AC2-B7ED-D5B1EAFA4046}.Release|x86.Build.0 = Release|Any CPU
		{EFD128E8-B4BA-46B9-AA4C-11951813AF48}.Debug|Any CPU.ActiveCfg = Debug|Any CPU
		{EFD128E8-B4BA-46B9-AA4C-11951813AF48}.Debug|Any CPU.Build.0 = Debug|Any CPU
		{EFD128E8-B4BA-46B9-AA4C-11951813AF48}.Debug|x64.ActiveCfg = Debug|Any CPU
		{EFD128E8-B4BA-46B9-AA4C-11951813AF48}.Debug|x64.Build.0 = Debug|Any CPU
		{EFD128E8-B4BA-46B9-AA4C-11951813AF48}.Debug|x86.ActiveCfg = Debug|Any CPU
		{EFD128E8-B4BA-46B9-AA4C-11951813AF48}.Debug|x86.Build.0 = Debug|Any CPU
		{EFD128E8-B4BA-46B9-AA4C-11951813AF48}.Release|Any CPU.ActiveCfg = Release|Any CPU
		{EFD128E8-B4BA-46B9-AA4C-11951813AF48}.Release|Any CPU.Build.0 = Release|Any CPU
		{EFD128E8-B4BA-46B9-AA4C-11951813AF48}.Release|x64.ActiveCfg = Release|Any CPU
		{EFD128E8-B4BA-46B9-AA4C-11951813AF48}.Release|x64.Build.0 = Release|Any CPU
		{EFD128E8-B4BA-46B9-AA4C-11951813AF48}.Release|x86.ActiveCfg = Release|Any CPU
		{EFD128E8-B4BA-46B9-AA4C-11951813AF48}.Release|x86.Build.0 = Release|Any CPU
		{D1301BA6-362D-4301-A110-4E7248DFB0DA}.Debug|Any CPU.ActiveCfg = Debug|Any CPU
		{D1301BA6-362D-4301-A110-4E7248DFB0DA}.Debug|Any CPU.Build.0 = Debug|Any CPU
		{D1301BA6-362D-4301-A110-4E7248DFB0DA}.Debug|x64.ActiveCfg = Debug|Any CPU
		{D1301BA6-362D-4301-A110-4E7248DFB0DA}.Debug|x64.Build.0 = Debug|Any CPU
		{D1301BA6-362D-4301-A110-4E7248DFB0DA}.Debug|x86.ActiveCfg = Debug|Any CPU
		{D1301BA6-362D-4301-A110-4E7248DFB0DA}.Debug|x86.Build.0 = Debug|Any CPU
		{D1301BA6-362D-4301-A110-4E7248DFB0DA}.Release|Any CPU.ActiveCfg = Release|Any CPU
		{D1301BA6-362D-4301-A110-4E7248DFB0DA}.Release|Any CPU.Build.0 = Release|Any CPU
		{D1301BA6-362D-4301-A110-4E7248DFB0DA}.Release|x64.ActiveCfg = Release|Any CPU
		{D1301BA6-362D-4301-A110-4E7248DFB0DA}.Release|x64.Build.0 = Release|Any CPU
		{D1301BA6-362D-4301-A110-4E7248DFB0DA}.Release|x86.ActiveCfg = Release|Any CPU
		{D1301BA6-362D-4301-A110-4E7248DFB0DA}.Release|x86.Build.0 = Release|Any CPU
		{E3AA0B7A-283E-471C-8B15-0023FC657305}.Debug|Any CPU.ActiveCfg = Debug|Any CPU
		{E3AA0B7A-283E-471C-8B15-0023FC657305}.Debug|Any CPU.Build.0 = Debug|Any CPU
		{E3AA0B7A-283E-471C-8B15-0023FC657305}.Debug|x64.ActiveCfg = Debug|Any CPU
		{E3AA0B7A-283E-471C-8B15-0023FC657305}.Debug|x64.Build.0 = Debug|Any CPU
		{E3AA0B7A-283E-471C-8B15-0023FC657305}.Debug|x86.ActiveCfg = Debug|Any CPU
		{E3AA0B7A-283E-471C-8B15-0023FC657305}.Debug|x86.Build.0 = Debug|Any CPU
		{E3AA0B7A-283E-471C-8B15-0023FC657305}.Release|Any CPU.ActiveCfg = Release|Any CPU
		{E3AA0B7A-283E-471C-8B15-0023FC657305}.Release|Any CPU.Build.0 = Release|Any CPU
		{E3AA0B7A-283E-471C-8B15-0023FC657305}.Release|x64.ActiveCfg = Release|Any CPU
		{E3AA0B7A-283E-471C-8B15-0023FC657305}.Release|x64.Build.0 = Release|Any CPU
		{E3AA0B7A-283E-471C-8B15-0023FC657305}.Release|x86.ActiveCfg = Release|Any CPU
		{E3AA0B7A-283E-471C-8B15-0023FC657305}.Release|x86.Build.0 = Release|Any CPU
		{527D5C3D-6509-4A7F-B31A-57CD421F8D4C}.Debug|Any CPU.ActiveCfg = Debug|Any CPU
		{527D5C3D-6509-4A7F-B31A-57CD421F8D4C}.Debug|Any CPU.Build.0 = Debug|Any CPU
		{527D5C3D-6509-4A7F-B31A-57CD421F8D4C}.Debug|x64.ActiveCfg = Debug|Any CPU
		{527D5C3D-6509-4A7F-B31A-57CD421F8D4C}.Debug|x64.Build.0 = Debug|Any CPU
		{527D5C3D-6509-4A7F-B31A-57CD421F8D4C}.Debug|x86.ActiveCfg = Debug|Any CPU
		{527D5C3D-6509-4A7F-B31A-57CD421F8D4C}.Debug|x86.Build.0 = Debug|Any CPU
		{527D5C3D-6509-4A7F-B31A-57CD421F8D4C}.Release|Any CPU.ActiveCfg = Release|Any CPU
		{527D5C3D-6509-4A7F-B31A-57CD421F8D4C}.Release|Any CPU.Build.0 = Release|Any CPU
		{527D5C3D-6509-4A7F-B31A-57CD421F8D4C}.Release|x64.ActiveCfg = Release|Any CPU
		{527D5C3D-6509-4A7F-B31A-57CD421F8D4C}.Release|x64.Build.0 = Release|Any CPU
		{527D5C3D-6509-4A7F-B31A-57CD421F8D4C}.Release|x86.ActiveCfg = Release|Any CPU
		{527D5C3D-6509-4A7F-B31A-57CD421F8D4C}.Release|x86.Build.0 = Release|Any CPU
		{C780EC77-4749-4F9E-8304-81EABFF7B55F}.Debug|Any CPU.ActiveCfg = Debug|Any CPU
		{C780EC77-4749-4F9E-8304-81EABFF7B55F}.Debug|Any CPU.Build.0 = Debug|Any CPU
		{C780EC77-4749-4F9E-8304-81EABFF7B55F}.Debug|x64.ActiveCfg = Debug|Any CPU
		{C780EC77-4749-4F9E-8304-81EABFF7B55F}.Debug|x64.Build.0 = Debug|Any CPU
		{C780EC77-4749-4F9E-8304-81EABFF7B55F}.Debug|x86.ActiveCfg = Debug|Any CPU
		{C780EC77-4749-4F9E-8304-81EABFF7B55F}.Debug|x86.Build.0 = Debug|Any CPU
		{C780EC77-4749-4F9E-8304-81EABFF7B55F}.Release|Any CPU.ActiveCfg = Release|Any CPU
		{C780EC77-4749-4F9E-8304-81EABFF7B55F}.Release|Any CPU.Build.0 = Release|Any CPU
		{C780EC77-4749-4F9E-8304-81EABFF7B55F}.Release|x64.ActiveCfg = Release|Any CPU
		{C780EC77-4749-4F9E-8304-81EABFF7B55F}.Release|x64.Build.0 = Release|Any CPU
		{C780EC77-4749-4F9E-8304-81EABFF7B55F}.Release|x86.ActiveCfg = Release|Any CPU
		{C780EC77-4749-4F9E-8304-81EABFF7B55F}.Release|x86.Build.0 = Release|Any CPU
		{8D51FF30-F72A-49B3-BEF6-B1D94826A654}.Debug|Any CPU.ActiveCfg = Debug|Any CPU
		{8D51FF30-F72A-49B3-BEF6-B1D94826A654}.Debug|Any CPU.Build.0 = Debug|Any CPU
		{8D51FF30-F72A-49B3-BEF6-B1D94826A654}.Debug|x64.ActiveCfg = Debug|Any CPU
		{8D51FF30-F72A-49B3-BEF6-B1D94826A654}.Debug|x64.Build.0 = Debug|Any CPU
		{8D51FF30-F72A-49B3-BEF6-B1D94826A654}.Debug|x86.ActiveCfg = Debug|Any CPU
		{8D51FF30-F72A-49B3-BEF6-B1D94826A654}.Debug|x86.Build.0 = Debug|Any CPU
		{8D51FF30-F72A-49B3-BEF6-B1D94826A654}.Release|Any CPU.ActiveCfg = Release|Any CPU
		{8D51FF30-F72A-49B3-BEF6-B1D94826A654}.Release|Any CPU.Build.0 = Release|Any CPU
		{8D51FF30-F72A-49B3-BEF6-B1D94826A654}.Release|x64.ActiveCfg = Release|Any CPU
		{8D51FF30-F72A-49B3-BEF6-B1D94826A654}.Release|x64.Build.0 = Release|Any CPU
		{8D51FF30-F72A-49B3-BEF6-B1D94826A654}.Release|x86.ActiveCfg = Release|Any CPU
		{8D51FF30-F72A-49B3-BEF6-B1D94826A654}.Release|x86.Build.0 = Release|Any CPU
		{9429A11B-8CFD-48EC-A760-30E8B044DDF1}.Debug|Any CPU.ActiveCfg = Debug|Any CPU
		{9429A11B-8CFD-48EC-A760-30E8B044DDF1}.Debug|Any CPU.Build.0 = Debug|Any CPU
		{9429A11B-8CFD-48EC-A760-30E8B044DDF1}.Debug|x64.ActiveCfg = Debug|Any CPU
		{9429A11B-8CFD-48EC-A760-30E8B044DDF1}.Debug|x64.Build.0 = Debug|Any CPU
		{9429A11B-8CFD-48EC-A760-30E8B044DDF1}.Debug|x86.ActiveCfg = Debug|Any CPU
		{9429A11B-8CFD-48EC-A760-30E8B044DDF1}.Debug|x86.Build.0 = Debug|Any CPU
		{9429A11B-8CFD-48EC-A760-30E8B044DDF1}.Release|Any CPU.ActiveCfg = Release|Any CPU
		{9429A11B-8CFD-48EC-A760-30E8B044DDF1}.Release|Any CPU.Build.0 = Release|Any CPU
		{9429A11B-8CFD-48EC-A760-30E8B044DDF1}.Release|x64.ActiveCfg = Release|Any CPU
		{9429A11B-8CFD-48EC-A760-30E8B044DDF1}.Release|x64.Build.0 = Release|Any CPU
		{9429A11B-8CFD-48EC-A760-30E8B044DDF1}.Release|x86.ActiveCfg = Release|Any CPU
		{9429A11B-8CFD-48EC-A760-30E8B044DDF1}.Release|x86.Build.0 = Release|Any CPU
		{674E19EF-942E-45BE-AC74-7B529A987DCA}.Debug|Any CPU.ActiveCfg = Debug|Any CPU
		{674E19EF-942E-45BE-AC74-7B529A987DCA}.Debug|Any CPU.Build.0 = Debug|Any CPU
		{674E19EF-942E-45BE-AC74-7B529A987DCA}.Debug|x64.ActiveCfg = Debug|Any CPU
		{674E19EF-942E-45BE-AC74-7B529A987DCA}.Debug|x64.Build.0 = Debug|Any CPU
		{674E19EF-942E-45BE-AC74-7B529A987DCA}.Debug|x86.ActiveCfg = Debug|Any CPU
		{674E19EF-942E-45BE-AC74-7B529A987DCA}.Debug|x86.Build.0 = Debug|Any CPU
		{674E19EF-942E-45BE-AC74-7B529A987DCA}.Release|Any CPU.ActiveCfg = Release|Any CPU
		{674E19EF-942E-45BE-AC74-7B529A987DCA}.Release|Any CPU.Build.0 = Release|Any CPU
		{674E19EF-942E-45BE-AC74-7B529A987DCA}.Release|x64.ActiveCfg = Release|Any CPU
		{674E19EF-942E-45BE-AC74-7B529A987DCA}.Release|x64.Build.0 = Release|Any CPU
		{674E19EF-942E-45BE-AC74-7B529A987DCA}.Release|x86.ActiveCfg = Release|Any CPU
		{674E19EF-942E-45BE-AC74-7B529A987DCA}.Release|x86.Build.0 = Release|Any CPU
		{C6E91304-F029-4A93-A16A-EB46C5A6CCB0}.Debug|Any CPU.ActiveCfg = Debug|Any CPU
		{C6E91304-F029-4A93-A16A-EB46C5A6CCB0}.Debug|Any CPU.Build.0 = Debug|Any CPU
		{C6E91304-F029-4A93-A16A-EB46C5A6CCB0}.Debug|x64.ActiveCfg = Debug|Any CPU
		{C6E91304-F029-4A93-A16A-EB46C5A6CCB0}.Debug|x64.Build.0 = Debug|Any CPU
		{C6E91304-F029-4A93-A16A-EB46C5A6CCB0}.Debug|x86.ActiveCfg = Debug|Any CPU
		{C6E91304-F029-4A93-A16A-EB46C5A6CCB0}.Debug|x86.Build.0 = Debug|Any CPU
		{C6E91304-F029-4A93-A16A-EB46C5A6CCB0}.Release|Any CPU.ActiveCfg = Release|Any CPU
		{C6E91304-F029-4A93-A16A-EB46C5A6CCB0}.Release|Any CPU.Build.0 = Release|Any CPU
		{C6E91304-F029-4A93-A16A-EB46C5A6CCB0}.Release|x64.ActiveCfg = Release|Any CPU
		{C6E91304-F029-4A93-A16A-EB46C5A6CCB0}.Release|x64.Build.0 = Release|Any CPU
		{C6E91304-F029-4A93-A16A-EB46C5A6CCB0}.Release|x86.ActiveCfg = Release|Any CPU
		{C6E91304-F029-4A93-A16A-EB46C5A6CCB0}.Release|x86.Build.0 = Release|Any CPU
		{D910D67D-963E-803E-E5C4-6DA06E3B5B8B}.Debug|Any CPU.ActiveCfg = Release|x86
		{D910D67D-963E-803E-E5C4-6DA06E3B5B8B}.Debug|x64.ActiveCfg = Release|x86
		{D910D67D-963E-803E-E5C4-6DA06E3B5B8B}.Debug|x86.ActiveCfg = Release|x86
		{D910D67D-963E-803E-E5C4-6DA06E3B5B8B}.Release|Any CPU.ActiveCfg = Release|x86
		{D910D67D-963E-803E-E5C4-6DA06E3B5B8B}.Release|x64.ActiveCfg = Release|x86
		{D910D67D-963E-803E-E5C4-6DA06E3B5B8B}.Release|x86.ActiveCfg = Release|x86
		{EFD3FEBC-45DC-402D-8873-B1BEA6CEA6B2}.Debug|Any CPU.ActiveCfg = Debug|Any CPU
		{EFD3FEBC-45DC-402D-8873-B1BEA6CEA6B2}.Debug|Any CPU.Build.0 = Debug|Any CPU
		{EFD3FEBC-45DC-402D-8873-B1BEA6CEA6B2}.Debug|x64.ActiveCfg = Debug|Any CPU
		{EFD3FEBC-45DC-402D-8873-B1BEA6CEA6B2}.Debug|x64.Build.0 = Debug|Any CPU
		{EFD3FEBC-45DC-402D-8873-B1BEA6CEA6B2}.Debug|x86.ActiveCfg = Debug|Any CPU
		{EFD3FEBC-45DC-402D-8873-B1BEA6CEA6B2}.Debug|x86.Build.0 = Debug|Any CPU
		{EFD3FEBC-45DC-402D-8873-B1BEA6CEA6B2}.Release|Any CPU.ActiveCfg = Release|Any CPU
		{EFD3FEBC-45DC-402D-8873-B1BEA6CEA6B2}.Release|Any CPU.Build.0 = Release|Any CPU
		{EFD3FEBC-45DC-402D-8873-B1BEA6CEA6B2}.Release|x64.ActiveCfg = Release|Any CPU
		{EFD3FEBC-45DC-402D-8873-B1BEA6CEA6B2}.Release|x64.Build.0 = Release|Any CPU
		{EFD3FEBC-45DC-402D-8873-B1BEA6CEA6B2}.Release|x86.ActiveCfg = Release|Any CPU
		{EFD3FEBC-45DC-402D-8873-B1BEA6CEA6B2}.Release|x86.Build.0 = Release|Any CPU
		{61692475-F492-4181-BA25-099076CADEC2}.Debug|Any CPU.ActiveCfg = Debug|Any CPU
		{61692475-F492-4181-BA25-099076CADEC2}.Debug|Any CPU.Build.0 = Debug|Any CPU
		{61692475-F492-4181-BA25-099076CADEC2}.Debug|x64.ActiveCfg = Debug|Any CPU
		{61692475-F492-4181-BA25-099076CADEC2}.Debug|x64.Build.0 = Debug|Any CPU
		{61692475-F492-4181-BA25-099076CADEC2}.Debug|x86.ActiveCfg = Debug|Any CPU
		{61692475-F492-4181-BA25-099076CADEC2}.Debug|x86.Build.0 = Debug|Any CPU
		{61692475-F492-4181-BA25-099076CADEC2}.Release|Any CPU.ActiveCfg = Release|Any CPU
		{61692475-F492-4181-BA25-099076CADEC2}.Release|Any CPU.Build.0 = Release|Any CPU
		{61692475-F492-4181-BA25-099076CADEC2}.Release|x64.ActiveCfg = Release|Any CPU
		{61692475-F492-4181-BA25-099076CADEC2}.Release|x64.Build.0 = Release|Any CPU
		{61692475-F492-4181-BA25-099076CADEC2}.Release|x86.ActiveCfg = Release|Any CPU
		{61692475-F492-4181-BA25-099076CADEC2}.Release|x86.Build.0 = Release|Any CPU
		{35621A37-7C63-4615-A00D-A3D1CF6FB30F}.Debug|Any CPU.ActiveCfg = Debug|Any CPU
		{35621A37-7C63-4615-A00D-A3D1CF6FB30F}.Debug|Any CPU.Build.0 = Debug|Any CPU
		{35621A37-7C63-4615-A00D-A3D1CF6FB30F}.Debug|x64.ActiveCfg = Debug|Any CPU
		{35621A37-7C63-4615-A00D-A3D1CF6FB30F}.Debug|x64.Build.0 = Debug|Any CPU
		{35621A37-7C63-4615-A00D-A3D1CF6FB30F}.Debug|x86.ActiveCfg = Debug|Any CPU
		{35621A37-7C63-4615-A00D-A3D1CF6FB30F}.Debug|x86.Build.0 = Debug|Any CPU
		{35621A37-7C63-4615-A00D-A3D1CF6FB30F}.Release|Any CPU.ActiveCfg = Release|Any CPU
		{35621A37-7C63-4615-A00D-A3D1CF6FB30F}.Release|Any CPU.Build.0 = Release|Any CPU
		{35621A37-7C63-4615-A00D-A3D1CF6FB30F}.Release|x64.ActiveCfg = Release|Any CPU
		{35621A37-7C63-4615-A00D-A3D1CF6FB30F}.Release|x64.Build.0 = Release|Any CPU
		{35621A37-7C63-4615-A00D-A3D1CF6FB30F}.Release|x86.ActiveCfg = Release|Any CPU
		{35621A37-7C63-4615-A00D-A3D1CF6FB30F}.Release|x86.Build.0 = Release|Any CPU
		{204506A1-E14A-4D0F-932D-15173B9FE77B}.Debug|Any CPU.ActiveCfg = Debug|Any CPU
		{204506A1-E14A-4D0F-932D-15173B9FE77B}.Debug|Any CPU.Build.0 = Debug|Any CPU
		{204506A1-E14A-4D0F-932D-15173B9FE77B}.Debug|x64.ActiveCfg = Debug|Any CPU
		{204506A1-E14A-4D0F-932D-15173B9FE77B}.Debug|x64.Build.0 = Debug|Any CPU
		{204506A1-E14A-4D0F-932D-15173B9FE77B}.Debug|x86.ActiveCfg = Debug|Any CPU
		{204506A1-E14A-4D0F-932D-15173B9FE77B}.Debug|x86.Build.0 = Debug|Any CPU
		{204506A1-E14A-4D0F-932D-15173B9FE77B}.Release|Any CPU.ActiveCfg = Release|Any CPU
		{204506A1-E14A-4D0F-932D-15173B9FE77B}.Release|Any CPU.Build.0 = Release|Any CPU
		{204506A1-E14A-4D0F-932D-15173B9FE77B}.Release|x64.ActiveCfg = Release|Any CPU
		{204506A1-E14A-4D0F-932D-15173B9FE77B}.Release|x64.Build.0 = Release|Any CPU
		{204506A1-E14A-4D0F-932D-15173B9FE77B}.Release|x86.ActiveCfg = Release|Any CPU
		{204506A1-E14A-4D0F-932D-15173B9FE77B}.Release|x86.Build.0 = Release|Any CPU
		{4BD4D24F-988A-4A1E-9655-955FA400082D}.Debug|Any CPU.ActiveCfg = Debug|Any CPU
		{4BD4D24F-988A-4A1E-9655-955FA400082D}.Debug|Any CPU.Build.0 = Debug|Any CPU
		{4BD4D24F-988A-4A1E-9655-955FA400082D}.Debug|x64.ActiveCfg = Debug|Any CPU
		{4BD4D24F-988A-4A1E-9655-955FA400082D}.Debug|x64.Build.0 = Debug|Any CPU
		{4BD4D24F-988A-4A1E-9655-955FA400082D}.Debug|x86.ActiveCfg = Debug|Any CPU
		{4BD4D24F-988A-4A1E-9655-955FA400082D}.Debug|x86.Build.0 = Debug|Any CPU
		{4BD4D24F-988A-4A1E-9655-955FA400082D}.Release|Any CPU.ActiveCfg = Release|Any CPU
		{4BD4D24F-988A-4A1E-9655-955FA400082D}.Release|Any CPU.Build.0 = Release|Any CPU
		{4BD4D24F-988A-4A1E-9655-955FA400082D}.Release|x64.ActiveCfg = Release|Any CPU
		{4BD4D24F-988A-4A1E-9655-955FA400082D}.Release|x64.Build.0 = Release|Any CPU
		{4BD4D24F-988A-4A1E-9655-955FA400082D}.Release|x86.ActiveCfg = Release|Any CPU
		{4BD4D24F-988A-4A1E-9655-955FA400082D}.Release|x86.Build.0 = Release|Any CPU
		{3250BF87-C283-4969-8B32-74E3E34D1E42}.Debug|Any CPU.ActiveCfg = Debug|Any CPU
		{3250BF87-C283-4969-8B32-74E3E34D1E42}.Debug|Any CPU.Build.0 = Debug|Any CPU
		{3250BF87-C283-4969-8B32-74E3E34D1E42}.Debug|x64.ActiveCfg = Debug|Any CPU
		{3250BF87-C283-4969-8B32-74E3E34D1E42}.Debug|x64.Build.0 = Debug|Any CPU
		{3250BF87-C283-4969-8B32-74E3E34D1E42}.Debug|x86.ActiveCfg = Debug|Any CPU
		{3250BF87-C283-4969-8B32-74E3E34D1E42}.Debug|x86.Build.0 = Debug|Any CPU
		{3250BF87-C283-4969-8B32-74E3E34D1E42}.Release|Any CPU.ActiveCfg = Release|Any CPU
		{3250BF87-C283-4969-8B32-74E3E34D1E42}.Release|Any CPU.Build.0 = Release|Any CPU
		{3250BF87-C283-4969-8B32-74E3E34D1E42}.Release|x64.ActiveCfg = Release|Any CPU
		{3250BF87-C283-4969-8B32-74E3E34D1E42}.Release|x64.Build.0 = Release|Any CPU
		{3250BF87-C283-4969-8B32-74E3E34D1E42}.Release|x86.ActiveCfg = Release|Any CPU
		{3250BF87-C283-4969-8B32-74E3E34D1E42}.Release|x86.Build.0 = Release|Any CPU
		{74E56726-F65A-4E77-B52A-37A6191736CA}.Debug|Any CPU.ActiveCfg = Debug|Any CPU
		{74E56726-F65A-4E77-B52A-37A6191736CA}.Debug|Any CPU.Build.0 = Debug|Any CPU
		{74E56726-F65A-4E77-B52A-37A6191736CA}.Debug|x64.ActiveCfg = Debug|Any CPU
		{74E56726-F65A-4E77-B52A-37A6191736CA}.Debug|x64.Build.0 = Debug|Any CPU
		{74E56726-F65A-4E77-B52A-37A6191736CA}.Debug|x86.ActiveCfg = Debug|Any CPU
		{74E56726-F65A-4E77-B52A-37A6191736CA}.Debug|x86.Build.0 = Debug|Any CPU
		{74E56726-F65A-4E77-B52A-37A6191736CA}.Release|Any CPU.ActiveCfg = Release|Any CPU
		{74E56726-F65A-4E77-B52A-37A6191736CA}.Release|Any CPU.Build.0 = Release|Any CPU
		{74E56726-F65A-4E77-B52A-37A6191736CA}.Release|x64.ActiveCfg = Release|Any CPU
		{74E56726-F65A-4E77-B52A-37A6191736CA}.Release|x64.Build.0 = Release|Any CPU
		{74E56726-F65A-4E77-B52A-37A6191736CA}.Release|x86.ActiveCfg = Release|Any CPU
		{74E56726-F65A-4E77-B52A-37A6191736CA}.Release|x86.Build.0 = Release|Any CPU
	EndGlobalSection
	GlobalSection(SolutionProperties) = preSolution
		HideSolutionNode = FALSE
	EndGlobalSection
	GlobalSection(NestedProjects) = preSolution
		{FF19096D-6E3A-45AB-B4C8-CCA63F15DA18} = {DDB4EF12-CC4E-5E88-E6FC-71A802F4DE97}
		{1124AFF1-B56B-4D80-A234-8A4D9BD68D5D} = {EBC845B9-DF7B-4188-81CB-90629ACAAA09}
		{A6EA629B-1241-4AC9-8C65-95034A7D3837} = {010AFC12-F51C-4102-9177-830B457205FB}
		{74B2C033-CF66-403A-06FD-603651AEB4E8} = {A6EA629B-1241-4AC9-8C65-95034A7D3837}
		{EBC845B9-DF7B-4188-81CB-90629ACAAA09} = {010AFC12-F51C-4102-9177-830B457205FB}
		{927AC185-5B38-43EE-975F-EDD14B783A7B} = {EC486FE8-8BE0-40CE-879C-09E89B6E5ACA}
		{2ED530E4-E2CD-42A8-9627-6C19B2DC065B} = {EC486FE8-8BE0-40CE-879C-09E89B6E5ACA}
		{619273A8-8AB2-45B8-8BB9-9CDE447124D3} = {010AFC12-F51C-4102-9177-830B457205FB}
		{3D66D748-95C0-49FF-BDFC-EA7A165B115E} = {619273A8-8AB2-45B8-8BB9-9CDE447124D3}
		{A72719BB-66B1-4D50-8890-76E9DEA67CFB} = {A6EA629B-1241-4AC9-8C65-95034A7D3837}
		{2E647C11-30B1-47B5-9286-9B6FCB5567F7} = {4C41FAF8-8C5E-4BE4-A4D3-183563930BF2}
		{87EECCC2-D668-4E20-A7E8-B04105848CD6} = {4C41FAF8-8C5E-4BE4-A4D3-183563930BF2}
		{19C07D2B-E8CC-4655-B407-6AC0E8187BF1} = {87EECCC2-D668-4E20-A7E8-B04105848CD6}
		{A6494201-AABE-4C96-96DF-840953C54611} = {4C41FAF8-8C5E-4BE4-A4D3-183563930BF2}
		{C0D6A28F-6EE3-4699-952C-6EA6B8ADAEED} = {87EECCC2-D668-4E20-A7E8-B04105848CD6}
		{94DD345E-7CED-4741-C3E7-505B445CE161} = {53843BE1-2514-4729-979E-DD84BA6C1742}
		{3A95A141-AAD8-CCAB-6F75-1E63A7123829} = {E7D73313-8B77-4DFF-8A1C-92DE03DA88F0}
		{53843BE1-2514-4729-979E-DD84BA6C1742} = {E7D73313-8B77-4DFF-8A1C-92DE03DA88F0}
		{82E0DDAE-9372-44F7-8CD9-05CEB5BF590D} = {53843BE1-2514-4729-979E-DD84BA6C1742}
		{2300A12D-13DB-4C81-BE91-8D04CFB45CBC} = {44512CC7-4465-4F13-A8E5-2E2703DC61F1}
		{5F85CB55-59A7-4163-AD1E-3E59D7AD2EA7} = {962B3C06-3C27-4A7E-953A-ACFBCEB1306A}
		{497B3F66-8991-47EA-B4C1-F786F1D13B09} = {5F85CB55-59A7-4163-AD1E-3E59D7AD2EA7}
		{FD2F152B-89CD-4C5E-82DE-81C7D0C425EC} = {962B3C06-3C27-4A7E-953A-ACFBCEB1306A}
		{BCC4E3EF-8324-43D0-A5FC-0DFE375464D6} = {962B3C06-3C27-4A7E-953A-ACFBCEB1306A}
		{2253B96C-6711-4423-B87C-8E509752C8DC} = {5F85CB55-59A7-4163-AD1E-3E59D7AD2EA7}
		{645E77CF-D500-4072-8114-D56764EC0A6A} = {31A21FA5-D379-4232-A42A-1512164F1AA9}
		{FAD58B75-420B-4514-B4FB-1D16D612B75A} = {31A21FA5-D379-4232-A42A-1512164F1AA9}
		{76DAD2D8-D8A6-4851-A4BD-12E48D66DE3F} = {FAD58B75-420B-4514-B4FB-1D16D612B75A}
		{CF94F3CC-77B5-4809-A192-A673E94F9FD2} = {FAD58B75-420B-4514-B4FB-1D16D612B75A}
		{DC9CF685-F389-4BBC-9747-B0A3C85D39AD} = {FAD58B75-420B-4514-B4FB-1D16D612B75A}
		{C2186761-A086-461F-B42A-14DBC9DE4846} = {31A21FA5-D379-4232-A42A-1512164F1AA9}
		{C3D2F2AA-59EB-44CB-B9DE-1CE176C24782} = {56781482-2D02-4DC5-8600-11B5C94B20EB}
		{22736329-D662-8EB0-EAA0-613461B8CE86} = {C3D2F2AA-59EB-44CB-B9DE-1CE176C24782}
		{412933E6-1A4E-3899-7481-B7034D872086} = {56781482-2D02-4DC5-8600-11B5C94B20EB}
		{7E14A176-70C1-32E3-9A58-33668577203D} = {C3D2F2AA-59EB-44CB-B9DE-1CE176C24782}
		{E210DC67-588F-4EF3-85F3-5C18C5940643} = {C3D2F2AA-59EB-44CB-B9DE-1CE176C24782}
		{F5CB080B-D0E9-47B7-AEB3-4C2111102710} = {115202AA-FF60-48A7-9E71-D2C0CA193A54}
		{BD4C2AC4-AA2E-4787-B275-F746B0CD418C} = {F5CB080B-D0E9-47B7-AEB3-4C2111102710}
		{9010C7DA-7BF1-1477-C761-BD4654FE33AF} = {F5CB080B-D0E9-47B7-AEB3-4C2111102710}
		{F74A929E-04E3-4694-B0C9-DC7EA9B6F806} = {115202AA-FF60-48A7-9E71-D2C0CA193A54}
		{D218443B-231B-4E4F-9ADB-26AF7D88BA3B} = {F5CB080B-D0E9-47B7-AEB3-4C2111102710}
		{6EF7678A-A725-F430-3097-30F090C0100A} = {595A4254-181D-4689-8040-C76799291DB7}
		{010D0C11-D6A2-3CA6-3281-4E0FD547EC2D} = {595A4254-181D-4689-8040-C76799291DB7}
		{E119B146-C580-4824-9208-24855F2CAC1A} = {0A80940F-70DA-4441-99EF-081D43E2D558}
		{168C9A70-B6BB-4B04-86A8-540816E55CA2} = {0A80940F-70DA-4441-99EF-081D43E2D558}
		{9AE52098-3A0F-4BD5-B5B5-C1CDB5BE4F7B} = {168C9A70-B6BB-4B04-86A8-540816E55CA2}
		{DDCF501D-CBE3-4CA0-9DDC-6336DB48D5D4} = {168C9A70-B6BB-4B04-86A8-540816E55CA2}
		{5FE7A626-EF82-4989-82DF-3CA7FFE163D7} = {168C9A70-B6BB-4B04-86A8-540816E55CA2}
		{05B5D68B-B0F8-4C81-88EB-E0682BA0F47C} = {EC486FE8-8BE0-40CE-879C-09E89B6E5ACA}
		{34B0789B-D24B-4A67-BBA7-3C431911970F} = {4093B4FB-AE41-45F9-93D0-25F980D5DB10}
		{A7F0E3E4-3DA4-492A-A890-21BF543FA425} = {4093B4FB-AE41-45F9-93D0-25F980D5DB10}
		{C9CF7221-B714-4367-973E-9FE1F1C2DEC0} = {34B0789B-D24B-4A67-BBA7-3C431911970F}
		{F01C3B69-9D05-4BEF-26EB-57BAD926097B} = {34B0789B-D24B-4A67-BBA7-3C431911970F}
		{414DFFD5-4A0F-DD91-933A-D9585859A325} = {34B0789B-D24B-4A67-BBA7-3C431911970F}
		{98220961-11DA-4AC2-B7ED-D5B1EAFA4046} = {EC486FE8-8BE0-40CE-879C-09E89B6E5ACA}
		{EFD128E8-B4BA-46B9-AA4C-11951813AF48} = {F02A6B20-73B5-4370-BF73-9401FFD43C1D}
		{F590A5C3-61BC-4D5A-B23B-EDD58738F363} = {F02A6B20-73B5-4370-BF73-9401FFD43C1D}
		{D1301BA6-362D-4301-A110-4E7248DFB0DA} = {F590A5C3-61BC-4D5A-B23B-EDD58738F363}
		{E3AA0B7A-283E-471C-8B15-0023FC657305} = {F590A5C3-61BC-4D5A-B23B-EDD58738F363}
		{527D5C3D-6509-4A7F-B31A-57CD421F8D4C} = {F02A6B20-73B5-4370-BF73-9401FFD43C1D}
		{C780EC77-4749-4F9E-8304-81EABFF7B55F} = {F590A5C3-61BC-4D5A-B23B-EDD58738F363}
		{8D51FF30-F72A-49B3-BEF6-B1D94826A654} = {F02A6B20-73B5-4370-BF73-9401FFD43C1D}
		{9429A11B-8CFD-48EC-A760-30E8B044DDF1} = {F590A5C3-61BC-4D5A-B23B-EDD58738F363}
		{674E19EF-942E-45BE-AC74-7B529A987DCA} = {F590A5C3-61BC-4D5A-B23B-EDD58738F363}
		{C6E91304-F029-4A93-A16A-EB46C5A6CCB0} = {1D144B6A-DFF0-4791-9049-A07E9DE213EB}
		{D910D67D-963E-803E-E5C4-6DA06E3B5B8B} = {1D144B6A-DFF0-4791-9049-A07E9DE213EB}
		{EFD3FEBC-45DC-402D-8873-B1BEA6CEA6B2} = {1D144B6A-DFF0-4791-9049-A07E9DE213EB}
		{61692475-F492-4181-BA25-099076CADEC2} = {1D144B6A-DFF0-4791-9049-A07E9DE213EB}
		{35621A37-7C63-4615-A00D-A3D1CF6FB30F} = {1D144B6A-DFF0-4791-9049-A07E9DE213EB}
		{204506A1-E14A-4D0F-932D-15173B9FE77B} = {1D144B6A-DFF0-4791-9049-A07E9DE213EB}
		{4BD4D24F-988A-4A1E-9655-955FA400082D} = {1D144B6A-DFF0-4791-9049-A07E9DE213EB}
		{3250BF87-C283-4969-8B32-74E3E34D1E42} = {44512CC7-4465-4F13-A8E5-2E2703DC61F1}
		{74E56726-F65A-4E77-B52A-37A6191736CA} = {35E59585-0B65-4342-B9E8-626EA4BB561B}
	EndGlobalSection
	GlobalSection(ExtensibilityGlobals) = postSolution
		SolutionGuid = {AD015B08-97F9-4B7C-B615-3791F75B30DD}
	EndGlobalSection
EndGlobal
