
Microsoft Visual Studio Solution File, Format Version 12.00
# Visual Studio Version 17
VisualStudioVersion = 17.13.35825.156
MinimumVisualStudioVersion = 10.0.40219.1
Project("{2150E333-8FDC-42A3-9474-1A3956D46DE8}") = "Chapter01", "Chapter01", "{DDB4EF12-CC4E-5E88-E6FC-71A802F4DE97}"
EndProject
Project("{FAE04EC0-301F-11D3-BF4B-00C04F79EFBC}") = "ProductSample", "Chapter01\ProductSample\ProductSample.csproj", "{FF19096D-6E3A-45AB-B4C8-CCA63F15DA18}"
EndProject
Project("{2150E333-8FDC-42A3-9474-1A3956D46DE8}") = "Chapter02", "Chapter02", "{010AFC12-F51C-4102-9177-830B457205FB}"
EndProject
Project("{FAE04EC0-301F-11D3-BF4B-00C04F79EFBC}") = "DistanceConverter", "Chapter02\DistanceConverter\DistanceConverter.csproj", "{1124AFF1-B56B-4D80-A234-8A4D9BD68D5D}"
EndProject
Project("{2150E333-8FDC-42A3-9474-1A3956D46DE8}") = "演習問題", "演習問題", "{A6EA629B-1241-4AC9-8C65-95034A7D3837}"
EndProject
Project("{FAE04EC0-301F-11D3-BF4B-00C04F79EFBC}") = "Exercise02", "Chapter02\演習問題\Exercise02\Exercise02.csproj", "{74B2C033-CF66-403A-06FD-603651AEB4E8}"
EndProject
Project("{2150E333-8FDC-42A3-9474-1A3956D46DE8}") = "距離換算プログラム", "距離換算プログラム", "{EBC845B9-DF7B-4188-81CB-90629ACAAA09}"
EndProject
Project("{2150E333-8FDC-42A3-9474-1A3956D46DE8}") = "FormApp", "FormApp", "{EC486FE8-8BE0-40CE-879C-09E89B6E5ACA}"
EndProject
Project("{FAE04EC0-301F-11D3-BF4B-00C04F79EFBC}") = "UnitConverter", "FormApps\UnitConverter\UnitConverter\UnitConverter.csproj", "{927AC185-5B38-43EE-975F-EDD14B783A7B}"
EndProject
Project("{FAE04EC0-301F-11D3-BF4B-00C04F79EFBC}") = "StopWatch", "FormApps\StopWatch\StopWatch.csproj", "{2ED530E4-E2CD-42A8-9627-6C19B2DC065B}"
EndProject
Project("{2150E333-8FDC-42A3-9474-1A3956D46DE8}") = "売り上げ集計プログラム", "売り上げ集計プログラム", "{619273A8-8AB2-45B8-8BB9-9CDE447124D3}"
EndProject
Project("{FAE04EC0-301F-11D3-BF4B-00C04F79EFBC}") = "SalesCalculator", "Chapter02\SalesCalculator\SalesCalculator.csproj", "{3D66D748-95C0-49FF-BDFC-EA7A165B115E}"
EndProject
Project("{FAE04EC0-301F-11D3-BF4B-00C04F79EFBC}") = "Exercise01", "Chapter02\演習問題\Exercise01\Exercise01.csproj", "{A72719BB-66B1-4D50-8890-76E9DEA67CFB}"
EndProject
Global
	GlobalSection(SolutionConfigurationPlatforms) = preSolution
		Debug|Any CPU = Debug|Any CPU
		Release|Any CPU = Release|Any CPU
	EndGlobalSection
	GlobalSection(ProjectConfigurationPlatforms) = postSolution
		{FF19096D-6E3A-45AB-B4C8-CCA63F15DA18}.Debug|Any CPU.ActiveCfg = Debug|Any CPU
		{FF19096D-6E3A-45AB-B4C8-CCA63F15DA18}.Debug|Any CPU.Build.0 = Debug|Any CPU
		{FF19096D-6E3A-45AB-B4C8-CCA63F15DA18}.Release|Any CPU.ActiveCfg = Release|Any CPU
		{FF19096D-6E3A-45AB-B4C8-CCA63F15DA18}.Release|Any CPU.Build.0 = Release|Any CPU
		{1124AFF1-B56B-4D80-A234-8A4D9BD68D5D}.Debug|Any CPU.ActiveCfg = Debug|Any CPU
		{1124AFF1-B56B-4D80-A234-8A4D9BD68D5D}.Debug|Any CPU.Build.0 = Debug|Any CPU
		{1124AFF1-B56B-4D80-A234-8A4D9BD68D5D}.Release|Any CPU.ActiveCfg = Release|Any CPU
		{1124AFF1-B56B-4D80-A234-8A4D9BD68D5D}.Release|Any CPU.Build.0 = Release|Any CPU
		{74B2C033-CF66-403A-06FD-603651AEB4E8}.Debug|Any CPU.ActiveCfg = Debug|Any CPU
		{74B2C033-CF66-403A-06FD-603651AEB4E8}.Debug|Any CPU.Build.0 = Debug|Any CPU
		{74B2C033-CF66-403A-06FD-603651AEB4E8}.Release|Any CPU.ActiveCfg = Release|Any CPU
		{74B2C033-CF66-403A-06FD-603651AEB4E8}.Release|Any CPU.Build.0 = Release|Any CPU
		{927AC185-5B38-43EE-975F-EDD14B783A7B}.Debug|Any CPU.ActiveCfg = Debug|Any CPU
		{927AC185-5B38-43EE-975F-EDD14B783A7B}.Debug|Any CPU.Build.0 = Debug|Any CPU
		{927AC185-5B38-43EE-975F-EDD14B783A7B}.Release|Any CPU.ActiveCfg = Release|Any CPU
		{927AC185-5B38-43EE-975F-EDD14B783A7B}.Release|Any CPU.Build.0 = Release|Any CPU
		{2ED530E4-E2CD-42A8-9627-6C19B2DC065B}.Debug|Any CPU.ActiveCfg = Debug|Any CPU
		{2ED530E4-E2CD-42A8-9627-6C19B2DC065B}.Debug|Any CPU.Build.0 = Debug|Any CPU
		{2ED530E4-E2CD-42A8-9627-6C19B2DC065B}.Release|Any CPU.ActiveCfg = Release|Any CPU
		{2ED530E4-E2CD-42A8-9627-6C19B2DC065B}.Release|Any CPU.Build.0 = Release|Any CPU
		{3D66D748-95C0-49FF-BDFC-EA7A165B115E}.Debug|Any CPU.ActiveCfg = Debug|Any CPU
		{3D66D748-95C0-49FF-BDFC-EA7A165B115E}.Debug|Any CPU.Build.0 = Debug|Any CPU
		{3D66D748-95C0-49FF-BDFC-EA7A165B115E}.Release|Any CPU.ActiveCfg = Release|Any CPU
		{3D66D748-95C0-49FF-BDFC-EA7A165B115E}.Release|Any CPU.Build.0 = Release|Any CPU
		{A72719BB-66B1-4D50-8890-76E9DEA67CFB}.Debug|Any CPU.ActiveCfg = Debug|Any CPU
		{A72719BB-66B1-4D50-8890-76E9DEA67CFB}.Debug|Any CPU.Build.0 = Debug|Any CPU
		{A72719BB-66B1-4D50-8890-76E9DEA67CFB}.Release|Any CPU.ActiveCfg = Release|Any CPU
		{A72719BB-66B1-4D50-8890-76E9DEA67CFB}.Release|Any CPU.Build.0 = Release|Any CPU
	EndGlobalSection
	GlobalSection(SolutionProperties) = preSolution
		HideSolutionNode = FALSE
	EndGlobalSection
	GlobalSection(NestedProjects) = preSolution
		{FF19096D-6E3A-45AB-B4C8-CCA63F15DA18} = {DDB4EF12-CC4E-5E88-E6FC-71A802F4DE97}
		{1124AFF1-B56B-4D80-A234-8A4D9BD68D5D} = {EBC845B9-DF7B-4188-81CB-90629ACAAA09}
		{A6EA629B-1241-4AC9-8C65-95034A7D3837} = {010AFC12-F51C-4102-9177-830B457205FB}
		{74B2C033-CF66-403A-06FD-603651AEB4E8} = {A6EA629B-1241-4AC9-8C65-95034A7D3837}
		{EBC845B9-DF7B-4188-81CB-90629ACAAA09} = {010AFC12-F51C-4102-9177-830B457205FB}
		{927AC185-5B38-43EE-975F-EDD14B783A7B} = {EC486FE8-8BE0-40CE-879C-09E89B6E5ACA}
		{2ED530E4-E2CD-42A8-9627-6C19B2DC065B} = {EC486FE8-8BE0-40CE-879C-09E89B6E5ACA}
		{619273A8-8AB2-45B8-8BB9-9CDE447124D3} = {010AFC12-F51C-4102-9177-830B457205FB}
		{3D66D748-95C0-49FF-BDFC-EA7A165B115E} = {619273A8-8AB2-45B8-8BB9-9CDE447124D3}
		{A72719BB-66B1-4D50-8890-76E9DEA67CFB} = {A6EA629B-1241-4AC9-8C65-95034A7D3837}
	EndGlobalSection
	GlobalSection(ExtensibilityGlobals) = postSolution
		SolutionGuid = {AD015B08-97F9-4B7C-B615-3791F75B30DD}
	EndGlobalSection
EndGlobal
