
Microsoft Visual Studio Solution File, Format Version 12.00
# Visual Studio Version 17
VisualStudioVersion = 17.13.35825.156
MinimumVisualStudioVersion = 10.0.40219.1
Project("{2150E333-8FDC-42A3-9474-1A3956D46DE8}") = "Chapter01", "Chapter01", "{DDB4EF12-CC4E-5E88-E6FC-71A802F4DE97}"
EndProject
Project("{FAE04EC0-301F-11D3-BF4B-00C04F79EFBC}") = "ProductSample", "Chapter01\ProductSample\ProductSample.csproj", "{FF19096D-6E3A-45AB-B4C8-CCA63F15DA18}"
EndProject
Project("{2150E333-8FDC-42A3-9474-1A3956D46DE8}") = "Chapter02", "Chapter02", "{010AFC12-F51C-4102-9177-830B457205FB}"
EndProject
Project("{FAE04EC0-301F-11D3-BF4B-00C04F79EFBC}") = "DistanceConverter", "Chapter02\DistanceConverter\DistanceConverter.csproj", "{1124AFF1-B56B-4D80-A234-8A4D9BD68D5D}"
EndProject
Project("{2150E333-8FDC-42A3-9474-1A3956D46DE8}") = "演習問題", "演習問題", "{A6EA629B-1241-4AC9-8C65-95034A7D3837}"
EndProject
Project("{FAE04EC0-301F-11D3-BF4B-00C04F79EFBC}") = "Exercise02", "Chapter02\演習問題\Exercise02\Exercise02.csproj", "{74B2C033-CF66-403A-06FD-603651AEB4E8}"
EndProject
Project("{2150E333-8FDC-42A3-9474-1A3956D46DE8}") = "距離換算プログラム", "距離換算プログラム", "{EBC845B9-DF7B-4188-81CB-90629ACAAA09}"
EndProject
Project("{2150E333-8FDC-42A3-9474-1A3956D46DE8}") = "FormApp", "FormApp", "{EC486FE8-8BE0-40CE-879C-09E89B6E5ACA}"
EndProject
Project("{FAE04EC0-301F-11D3-BF4B-00C04F79EFBC}") = "UnitConverter", "FormApps\UnitConverter\UnitConverter\UnitConverter.csproj", "{927AC185-5B38-43EE-975F-EDD14B783A7B}"
EndProject
Project("{FAE04EC0-301F-11D3-BF4B-00C04F79EFBC}") = "StopWatch", "FormApps\StopWatch\StopWatch.csproj", "{2ED530E4-E2CD-42A8-9627-6C19B2DC065B}"
EndProject
Project("{2150E333-8FDC-42A3-9474-1A3956D46DE8}") = "売り上げ集計プログラム", "売り上げ集計プログラム", "{619273A8-8AB2-45B8-8BB9-9CDE447124D3}"
EndProject
Project("{FAE04EC0-301F-11D3-BF4B-00C04F79EFBC}") = "SalesCalculator", "Chapter02\SalesCalculator\SalesCalculator.csproj", "{3D66D748-95C0-49FF-BDFC-EA7A165B115E}"
EndProject
Project("{FAE04EC0-301F-11D3-BF4B-00C04F79EFBC}") = "Exercise01", "Chapter02\演習問題\Exercise01\Exercise01.csproj", "{A72719BB-66B1-4D50-8890-76E9DEA67CFB}"
EndProject
Project("{2150E333-8FDC-42A3-9474-1A3956D46DE8}") = "Chapter03", "Chapter03", "{4C41FAF8-8C5E-4BE4-A4D3-183563930BF2}"
EndProject
Project("{FAE04EC0-301F-11D3-BF4B-00C04F79EFBC}") = "Section01", "Chapter03\Section01\Section01.csproj", "{2E647C11-30B1-47B5-9286-9B6FCB5567F7}"
EndProject
Project("{2150E333-8FDC-42A3-9474-1A3956D46DE8}") = "演習問題", "演習問題", "{87EECCC2-D668-4E20-A7E8-B04105848CD6}"
EndProject
Project("{FAE04EC0-301F-11D3-BF4B-00C04F79EFBC}") = "Exercise02", "Chapter03\演習問題\Exercise02\Exercise02.csproj", "{19C07D2B-E8CC-4655-B407-6AC0E8187BF1}"
EndProject
Project("{FAE04EC0-301F-11D3-BF4B-00C04F79EFBC}") = "Section04", "Chapter03\Section04\Section04.csproj", "{A6494201-AABE-4C96-96DF-840953C54611}"
EndProject
Project("{FAE04EC0-301F-11D3-BF4B-00C04F79EFBC}") = "Exercise01", "Chapter03\演習問題\Exercise01\Exercise01.csproj", "{C0D6A28F-6EE3-4699-952C-6EA6B8ADAEED}"
EndProject
Project("{2150E333-8FDC-42A3-9474-1A3956D46DE8}") = "Chapter04", "Chapter04", "{E7D73313-8B77-4DFF-8A1C-92DE03DA88F0}"
EndProject
Project("{FAE04EC0-301F-11D3-BF4B-00C04F79EFBC}") = "Exercise01", "Chapter04\演習問題\Exercise01\Exercise01.csproj", "{94DD345E-7CED-4741-C3E7-505B445CE161}"
EndProject
Project("{FAE04EC0-301F-11D3-BF4B-00C04F79EFBC}") = "Section04", "Chapter04\Section04\Section04.csproj", "{3A95A141-AAD8-CCAB-6F75-1E63A7123829}"
EndProject
Project("{2150E333-8FDC-42A3-9474-1A3956D46DE8}") = "演習問題", "演習問題", "{53843BE1-2514-4729-979E-DD84BA6C1742}"
	ProjectSection(SolutionItems) = preProject
		Chapter04\演習問題\Exercise01\Program.cs = Chapter04\演習問題\Exercise01\Program.cs
	EndProjectSection
EndProject
Project("{FAE04EC0-301F-11D3-BF4B-00C04F79EFBC}") = "Exercise02", "Chapter04\演習問題\Exercise02\Exercise02.csproj", "{82E0DDAE-9372-44F7-8CD9-05CEB5BF590D}"
EndProject
Project("{2150E333-8FDC-42A3-9474-1A3956D46DE8}") = "LINQ", "LINQ", "{44512CC7-4465-4F13-A8E5-2E2703DC61F1}"
EndProject
Project("{FAE04EC0-301F-11D3-BF4B-00C04F79EFBC}") = "LinqSample", "LINQ\LinqSample\LinqSample.csproj", "{2300A12D-13DB-4C81-BE91-8D04CFB45CBC}"
EndProject
Project("{2150E333-8FDC-42A3-9474-1A3956D46DE8}") = "Chapter07", "Chapter07", "{962B3C06-3C27-4A7E-953A-ACFBCEB1306A}"
EndProject
Project("{2150E333-8FDC-42A3-9474-1A3956D46DE8}") = "演習問題", "演習問題", "{5F85CB55-59A7-4163-AD1E-3E59D7AD2EA7}"
EndProject
Project("{FAE04EC0-301F-11D3-BF4B-00C04F79EFBC}") = "Exercise01", "Chapter07\演習問題\Exercise01\Exercise01.csproj", "{497B3F66-8991-47EA-B4C1-F786F1D13B09}"
EndProject
Project("{FAE04EC0-301F-11D3-BF4B-00C04F79EFBC}") = "Section01", "Chapter07\Section01\Section01.csproj", "{FD2F152B-89CD-4C5E-82DE-81C7D0C425EC}"
EndProject
Project("{FAE04EC0-301F-11D3-BF4B-00C04F79EFBC}") = "Section05", "Chapter07\Section05\Section05.csproj", "{BCC4E3EF-8324-43D0-A5FC-0DFE375464D6}"
EndProject
Project("{FAE04EC0-301F-11D3-BF4B-00C04F79EFBC}") = "Exercise03", "Chapter07\演習問題\Exercise02\Exercise03.csproj", "{2253B96C-6711-4423-B87C-8E509752C8DC}"
EndProject
Project("{2150E333-8FDC-42A3-9474-1A3956D46DE8}") = "Chapter06", "Chapter06", "{31A21FA5-D379-4232-A42A-1512164F1AA9}"
EndProject
Project("{FAE04EC0-301F-11D3-BF4B-00C04F79EFBC}") = "Section01", "Chapter06\Section01\Section01.csproj", "{645E77CF-D500-4072-8114-D56764EC0A6A}"
EndProject
Project("{2150E333-8FDC-42A3-9474-1A3956D46DE8}") = "演習問題", "演習問題", "{FAD58B75-420B-4514-B4FB-1D16D612B75A}"
EndProject
Project("{FAE04EC0-301F-11D3-BF4B-00C04F79EFBC}") = "Exercise01", "Chapter06\演習問題\Exercise01\Exercise01.csproj", "{76DAD2D8-D8A6-4851-A4BD-12E48D66DE3F}"
EndProject
Project("{FAE04EC0-301F-11D3-BF4B-00C04F79EFBC}") = "Exercise03", "Chapter06\演習問題\Exercise03\Exercise03\Exercise03.csproj", "{CF94F3CC-77B5-4809-A192-A673E94F9FD2}"
EndProject
Global
	GlobalSection(SolutionConfigurationPlatforms) = preSolution
		Debug|Any CPU = Debug|Any CPU
		Release|Any CPU = Release|Any CPU
	EndGlobalSection
	GlobalSection(ProjectConfigurationPlatforms) = postSolution
		{FF19096D-6E3A-45AB-B4C8-CCA63F15DA18}.Debug|Any CPU.ActiveCfg = Debug|Any CPU
		{FF19096D-6E3A-45AB-B4C8-CCA63F15DA18}.Debug|Any CPU.Build.0 = Debug|Any CPU
		{FF19096D-6E3A-45AB-B4C8-CCA63F15DA18}.Release|Any CPU.ActiveCfg = Release|Any CPU
		{FF19096D-6E3A-45AB-B4C8-CCA63F15DA18}.Release|Any CPU.Build.0 = Release|Any CPU
		{1124AFF1-B56B-4D80-A234-8A4D9BD68D5D}.Debug|Any CPU.ActiveCfg = Debug|Any CPU
		{1124AFF1-B56B-4D80-A234-8A4D9BD68D5D}.Debug|Any CPU.Build.0 = Debug|Any CPU
		{1124AFF1-B56B-4D80-A234-8A4D9BD68D5D}.Release|Any CPU.ActiveCfg = Release|Any CPU
		{1124AFF1-B56B-4D80-A234-8A4D9BD68D5D}.Release|Any CPU.Build.0 = Release|Any CPU
		{74B2C033-CF66-403A-06FD-603651AEB4E8}.Debug|Any CPU.ActiveCfg = Debug|Any CPU
		{74B2C033-CF66-403A-06FD-603651AEB4E8}.Debug|Any CPU.Build.0 = Debug|Any CPU
		{74B2C033-CF66-403A-06FD-603651AEB4E8}.Release|Any CPU.ActiveCfg = Release|Any CPU
		{74B2C033-CF66-403A-06FD-603651AEB4E8}.Release|Any CPU.Build.0 = Release|Any CPU
		{927AC185-5B38-43EE-975F-EDD14B783A7B}.Debug|Any CPU.ActiveCfg = Debug|Any CPU
		{927AC185-5B38-43EE-975F-EDD14B783A7B}.Debug|Any CPU.Build.0 = Debug|Any CPU
		{927AC185-5B38-43EE-975F-EDD14B783A7B}.Release|Any CPU.ActiveCfg = Release|Any CPU
		{927AC185-5B38-43EE-975F-EDD14B783A7B}.Release|Any CPU.Build.0 = Release|Any CPU
		{2ED530E4-E2CD-42A8-9627-6C19B2DC065B}.Debug|Any CPU.ActiveCfg = Debug|Any CPU
		{2ED530E4-E2CD-42A8-9627-6C19B2DC065B}.Debug|Any CPU.Build.0 = Debug|Any CPU
		{2ED530E4-E2CD-42A8-9627-6C19B2DC065B}.Release|Any CPU.ActiveCfg = Release|Any CPU
		{2ED530E4-E2CD-42A8-9627-6C19B2DC065B}.Release|Any CPU.Build.0 = Release|Any CPU
		{3D66D748-95C0-49FF-BDFC-EA7A165B115E}.Debug|Any CPU.ActiveCfg = Debug|Any CPU
		{3D66D748-95C0-49FF-BDFC-EA7A165B115E}.Debug|Any CPU.Build.0 = Debug|Any CPU
		{3D66D748-95C0-49FF-BDFC-EA7A165B115E}.Release|Any CPU.ActiveCfg = Release|Any CPU
		{3D66D748-95C0-49FF-BDFC-EA7A165B115E}.Release|Any CPU.Build.0 = Release|Any CPU
		{A72719BB-66B1-4D50-8890-76E9DEA67CFB}.Debug|Any CPU.ActiveCfg = Debug|Any CPU
		{A72719BB-66B1-4D50-8890-76E9DEA67CFB}.Debug|Any CPU.Build.0 = Debug|Any CPU
		{A72719BB-66B1-4D50-8890-76E9DEA67CFB}.Release|Any CPU.ActiveCfg = Release|Any CPU
		{A72719BB-66B1-4D50-8890-76E9DEA67CFB}.Release|Any CPU.Build.0 = Release|Any CPU
		{2E647C11-30B1-47B5-9286-9B6FCB5567F7}.Debug|Any CPU.ActiveCfg = Debug|Any CPU
		{2E647C11-30B1-47B5-9286-9B6FCB5567F7}.Debug|Any CPU.Build.0 = Debug|Any CPU
		{2E647C11-30B1-47B5-9286-9B6FCB5567F7}.Release|Any CPU.ActiveCfg = Release|Any CPU
		{2E647C11-30B1-47B5-9286-9B6FCB5567F7}.Release|Any CPU.Build.0 = Release|Any CPU
		{19C07D2B-E8CC-4655-B407-6AC0E8187BF1}.Debug|Any CPU.ActiveCfg = Debug|Any CPU
		{19C07D2B-E8CC-4655-B407-6AC0E8187BF1}.Debug|Any CPU.Build.0 = Debug|Any CPU
		{19C07D2B-E8CC-4655-B407-6AC0E8187BF1}.Release|Any CPU.ActiveCfg = Release|Any CPU
		{19C07D2B-E8CC-4655-B407-6AC0E8187BF1}.Release|Any CPU.Build.0 = Release|Any CPU
		{A6494201-AABE-4C96-96DF-840953C54611}.Debug|Any CPU.ActiveCfg = Debug|Any CPU
		{A6494201-AABE-4C96-96DF-840953C54611}.Debug|Any CPU.Build.0 = Debug|Any CPU
		{A6494201-AABE-4C96-96DF-840953C54611}.Release|Any CPU.ActiveCfg = Release|Any CPU
		{A6494201-AABE-4C96-96DF-840953C54611}.Release|Any CPU.Build.0 = Release|Any CPU
		{C0D6A28F-6EE3-4699-952C-6EA6B8ADAEED}.Debug|Any CPU.ActiveCfg = Debug|Any CPU
		{C0D6A28F-6EE3-4699-952C-6EA6B8ADAEED}.Debug|Any CPU.Build.0 = Debug|Any CPU
		{C0D6A28F-6EE3-4699-952C-6EA6B8ADAEED}.Release|Any CPU.ActiveCfg = Release|Any CPU
		{C0D6A28F-6EE3-4699-952C-6EA6B8ADAEED}.Release|Any CPU.Build.0 = Release|Any CPU
		{94DD345E-7CED-4741-C3E7-505B445CE161}.Debug|Any CPU.ActiveCfg = Debug|Any CPU
		{94DD345E-7CED-4741-C3E7-505B445CE161}.Debug|Any CPU.Build.0 = Debug|Any CPU
		{94DD345E-7CED-4741-C3E7-505B445CE161}.Release|Any CPU.ActiveCfg = Release|Any CPU
		{94DD345E-7CED-4741-C3E7-505B445CE161}.Release|Any CPU.Build.0 = Release|Any CPU
		{3A95A141-AAD8-CCAB-6F75-1E63A7123829}.Debug|Any CPU.ActiveCfg = Debug|Any CPU
		{3A95A141-AAD8-CCAB-6F75-1E63A7123829}.Debug|Any CPU.Build.0 = Debug|Any CPU
		{3A95A141-AAD8-CCAB-6F75-1E63A7123829}.Release|Any CPU.ActiveCfg = Release|Any CPU
		{3A95A141-AAD8-CCAB-6F75-1E63A7123829}.Release|Any CPU.Build.0 = Release|Any CPU
		{82E0DDAE-9372-44F7-8CD9-05CEB5BF590D}.Debug|Any CPU.ActiveCfg = Debug|Any CPU
		{82E0DDAE-9372-44F7-8CD9-05CEB5BF590D}.Debug|Any CPU.Build.0 = Debug|Any CPU
		{82E0DDAE-9372-44F7-8CD9-05CEB5BF590D}.Release|Any CPU.ActiveCfg = Release|Any CPU
		{82E0DDAE-9372-44F7-8CD9-05CEB5BF590D}.Release|Any CPU.Build.0 = Release|Any CPU
		{2300A12D-13DB-4C81-BE91-8D04CFB45CBC}.Debug|Any CPU.ActiveCfg = Debug|Any CPU
		{2300A12D-13DB-4C81-BE91-8D04CFB45CBC}.Debug|Any CPU.Build.0 = Debug|Any CPU
		{2300A12D-13DB-4C81-BE91-8D04CFB45CBC}.Release|Any CPU.ActiveCfg = Release|Any CPU
		{2300A12D-13DB-4C81-BE91-8D04CFB45CBC}.Release|Any CPU.Build.0 = Release|Any CPU
		{497B3F66-8991-47EA-B4C1-F786F1D13B09}.Debug|Any CPU.ActiveCfg = Debug|Any CPU
		{497B3F66-8991-47EA-B4C1-F786F1D13B09}.Debug|Any CPU.Build.0 = Debug|Any CPU
		{497B3F66-8991-47EA-B4C1-F786F1D13B09}.Release|Any CPU.ActiveCfg = Release|Any CPU
		{497B3F66-8991-47EA-B4C1-F786F1D13B09}.Release|Any CPU.Build.0 = Release|Any CPU
		{FD2F152B-89CD-4C5E-82DE-81C7D0C425EC}.Debug|Any CPU.ActiveCfg = Debug|Any CPU
		{FD2F152B-89CD-4C5E-82DE-81C7D0C425EC}.Debug|Any CPU.Build.0 = Debug|Any CPU
		{FD2F152B-89CD-4C5E-82DE-81C7D0C425EC}.Release|Any CPU.ActiveCfg = Release|Any CPU
		{FD2F152B-89CD-4C5E-82DE-81C7D0C425EC}.Release|Any CPU.Build.0 = Release|Any CPU
		{BCC4E3EF-8324-43D0-A5FC-0DFE375464D6}.Debug|Any CPU.ActiveCfg = Debug|Any CPU
		{BCC4E3EF-8324-43D0-A5FC-0DFE375464D6}.Debug|Any CPU.Build.0 = Debug|Any CPU
		{BCC4E3EF-8324-43D0-A5FC-0DFE375464D6}.Release|Any CPU.ActiveCfg = Release|Any CPU
		{BCC4E3EF-8324-43D0-A5FC-0DFE375464D6}.Release|Any CPU.Build.0 = Release|Any CPU
		{2253B96C-6711-4423-B87C-8E509752C8DC}.Debug|Any CPU.ActiveCfg = Debug|Any CPU
		{2253B96C-6711-4423-B87C-8E509752C8DC}.Debug|Any CPU.Build.0 = Debug|Any CPU
		{2253B96C-6711-4423-B87C-8E509752C8DC}.Release|Any CPU.ActiveCfg = Release|Any CPU
		{2253B96C-6711-4423-B87C-8E509752C8DC}.Release|Any CPU.Build.0 = Release|Any CPU
		{645E77CF-D500-4072-8114-D56764EC0A6A}.Debug|Any CPU.ActiveCfg = Debug|Any CPU
		{645E77CF-D500-4072-8114-D56764EC0A6A}.Debug|Any CPU.Build.0 = Debug|Any CPU
		{645E77CF-D500-4072-8114-D56764EC0A6A}.Release|Any CPU.ActiveCfg = Release|Any CPU
		{645E77CF-D500-4072-8114-D56764EC0A6A}.Release|Any CPU.Build.0 = Release|Any CPU
		{76DAD2D8-D8A6-4851-A4BD-12E48D66DE3F}.Debug|Any CPU.ActiveCfg = Debug|Any CPU
		{76DAD2D8-D8A6-4851-A4BD-12E48D66DE3F}.Debug|Any CPU.Build.0 = Debug|Any CPU
		{76DAD2D8-D8A6-4851-A4BD-12E48D66DE3F}.Release|Any CPU.ActiveCfg = Release|Any CPU
		{76DAD2D8-D8A6-4851-A4BD-12E48D66DE3F}.Release|Any CPU.Build.0 = Release|Any CPU
		{CF94F3CC-77B5-4809-A192-A673E94F9FD2}.Debug|Any CPU.ActiveCfg = Debug|Any CPU
		{CF94F3CC-77B5-4809-A192-A673E94F9FD2}.Debug|Any CPU.Build.0 = Debug|Any CPU
		{CF94F3CC-77B5-4809-A192-A673E94F9FD2}.Release|Any CPU.ActiveCfg = Release|Any CPU
		{CF94F3CC-77B5-4809-A192-A673E94F9FD2}.Release|Any CPU.Build.0 = Release|Any CPU
	EndGlobalSection
	GlobalSection(SolutionProperties) = preSolution
		HideSolutionNode = FALSE
	EndGlobalSection
	GlobalSection(NestedProjects) = preSolution
		{FF19096D-6E3A-45AB-B4C8-CCA63F15DA18} = {DDB4EF12-CC4E-5E88-E6FC-71A802F4DE97}
		{1124AFF1-B56B-4D80-A234-8A4D9BD68D5D} = {EBC845B9-DF7B-4188-81CB-90629ACAAA09}
		{A6EA629B-1241-4AC9-8C65-95034A7D3837} = {010AFC12-F51C-4102-9177-830B457205FB}
		{74B2C033-CF66-403A-06FD-603651AEB4E8} = {A6EA629B-1241-4AC9-8C65-95034A7D3837}
		{EBC845B9-DF7B-4188-81CB-90629ACAAA09} = {010AFC12-F51C-4102-9177-830B457205FB}
		{927AC185-5B38-43EE-975F-EDD14B783A7B} = {EC486FE8-8BE0-40CE-879C-09E89B6E5ACA}
		{2ED530E4-E2CD-42A8-9627-6C19B2DC065B} = {EC486FE8-8BE0-40CE-879C-09E89B6E5ACA}
		{619273A8-8AB2-45B8-8BB9-9CDE447124D3} = {010AFC12-F51C-4102-9177-830B457205FB}
		{3D66D748-95C0-49FF-BDFC-EA7A165B115E} = {619273A8-8AB2-45B8-8BB9-9CDE447124D3}
		{A72719BB-66B1-4D50-8890-76E9DEA67CFB} = {A6EA629B-1241-4AC9-8C65-95034A7D3837}
		{2E647C11-30B1-47B5-9286-9B6FCB5567F7} = {4C41FAF8-8C5E-4BE4-A4D3-183563930BF2}
		{87EECCC2-D668-4E20-A7E8-B04105848CD6} = {4C41FAF8-8C5E-4BE4-A4D3-183563930BF2}
		{19C07D2B-E8CC-4655-B407-6AC0E8187BF1} = {87EECCC2-D668-4E20-A7E8-B04105848CD6}
		{A6494201-AABE-4C96-96DF-840953C54611} = {4C41FAF8-8C5E-4BE4-A4D3-183563930BF2}
		{C0D6A28F-6EE3-4699-952C-6EA6B8ADAEED} = {87EECCC2-D668-4E20-A7E8-B04105848CD6}
		{94DD345E-7CED-4741-C3E7-505B445CE161} = {53843BE1-2514-4729-979E-DD84BA6C1742}
		{3A95A141-AAD8-CCAB-6F75-1E63A7123829} = {E7D73313-8B77-4DFF-8A1C-92DE03DA88F0}
		{53843BE1-2514-4729-979E-DD84BA6C1742} = {E7D73313-8B77-4DFF-8A1C-92DE03DA88F0}
		{82E0DDAE-9372-44F7-8CD9-05CEB5BF590D} = {53843BE1-2514-4729-979E-DD84BA6C1742}
		{2300A12D-13DB-4C81-BE91-8D04CFB45CBC} = {44512CC7-4465-4F13-A8E5-2E2703DC61F1}
		{5F85CB55-59A7-4163-AD1E-3E59D7AD2EA7} = {962B3C06-3C27-4A7E-953A-ACFBCEB1306A}
		{497B3F66-8991-47EA-B4C1-F786F1D13B09} = {5F85CB55-59A7-4163-AD1E-3E59D7AD2EA7}
		{FD2F152B-89CD-4C5E-82DE-81C7D0C425EC} = {962B3C06-3C27-4A7E-953A-ACFBCEB1306A}
		{BCC4E3EF-8324-43D0-A5FC-0DFE375464D6} = {962B3C06-3C27-4A7E-953A-ACFBCEB1306A}
		{2253B96C-6711-4423-B87C-8E509752C8DC} = {5F85CB55-59A7-4163-AD1E-3E59D7AD2EA7}
		{645E77CF-D500-4072-8114-D56764EC0A6A} = {31A21FA5-D379-4232-A42A-1512164F1AA9}
		{FAD58B75-420B-4514-B4FB-1D16D612B75A} = {31A21FA5-D379-4232-A42A-1512164F1AA9}
		{76DAD2D8-D8A6-4851-A4BD-12E48D66DE3F} = {FAD58B75-420B-4514-B4FB-1D16D612B75A}
		{CF94F3CC-77B5-4809-A192-A673E94F9FD2} = {FAD58B75-420B-4514-B4FB-1D16D612B75A}
	EndGlobalSection
	GlobalSection(ExtensibilityGlobals) = postSolution
		SolutionGuid = {AD015B08-97F9-4B7C-B615-3791F75B30DD}
	EndGlobalSection
EndGlobal
